// !$*UTF8*$!
{
	archiveVersion = 1;
	classes = {
	};
	objectVersion = 51;
	objects = {

/* Begin PBXBuildFile section */
		4BB28AA5B5C2319EAD7816C9 /* Pods_MovieReviewMVP.framework in Frameworks */ = {isa = PBXBuildFile; fileRef = D21F898D6D5259B4D5B60806 /* Pods_MovieReviewMVP.framework */; };
		75636BE6263B994F00281DB1 /* SearchMovie.storyboard in Resources */ = {isa = PBXBuildFile; fileRef = 75636BE5263B994F00281DB1 /* SearchMovie.storyboard */; };
		75636BEF263C008200281DB1 /* ReviewMovie.storyboard in Resources */ = {isa = PBXBuildFile; fileRef = 75636BEE263C008200281DB1 /* ReviewMovie.storyboard */; };
		75636BF7263C2EBB00281DB1 /* ReviewMovieViewController.swift in Sources */ = {isa = PBXBuildFile; fileRef = 75636BF6263C2EBB00281DB1 /* ReviewMovieViewController.swift */; };
		75636BFC263C361A00281DB1 /* ReviewMovieModel.swift in Sources */ = {isa = PBXBuildFile; fileRef = 75636BFB263C361A00281DB1 /* ReviewMovieModel.swift */; };
		75636C01263C370800281DB1 /* ReviewMoviePresenter.swift in Sources */ = {isa = PBXBuildFile; fileRef = 75636C00263C370800281DB1 /* ReviewMoviePresenter.swift */; };
		75656036263F60F300284980 /* MovieTabBarController.swift in Sources */ = {isa = PBXBuildFile; fileRef = 75656035263F60F300284980 /* MovieTabBarController.swift */; };
		75676EDC263A89B400569AF5 /* AppDelegate.swift in Sources */ = {isa = PBXBuildFile; fileRef = 75676EDB263A89B400569AF5 /* AppDelegate.swift */; };
		75676EDE263A89B400569AF5 /* SceneDelegate.swift in Sources */ = {isa = PBXBuildFile; fileRef = 75676EDD263A89B400569AF5 /* SceneDelegate.swift */; };
		75676EE0263A89B400569AF5 /* SearchMovieViewController.swift in Sources */ = {isa = PBXBuildFile; fileRef = 75676EDF263A89B400569AF5 /* SearchMovieViewController.swift */; };
		75676EE3263A89B400569AF5 /* Main.storyboard in Resources */ = {isa = PBXBuildFile; fileRef = 75676EE1263A89B400569AF5 /* Main.storyboard */; };
		75676EE5263A89B500569AF5 /* Assets.xcassets in Resources */ = {isa = PBXBuildFile; fileRef = 75676EE4263A89B500569AF5 /* Assets.xcassets */; };
		75676EE8263A89B500569AF5 /* LaunchScreen.storyboard in Resources */ = {isa = PBXBuildFile; fileRef = 75676EE6263A89B500569AF5 /* LaunchScreen.storyboard */; };
		75676EF3263A89B600569AF5 /* MovieReviewMVPTests.swift in Sources */ = {isa = PBXBuildFile; fileRef = 75676EF2263A89B600569AF5 /* MovieReviewMVPTests.swift */; };
		75676EFE263A89B600569AF5 /* MovieReviewMVPUITests.swift in Sources */ = {isa = PBXBuildFile; fileRef = 75676EFD263A89B600569AF5 /* MovieReviewMVPUITests.swift */; };
		75676F10263A953100569AF5 /* SearchMoviePresenter.swift in Sources */ = {isa = PBXBuildFile; fileRef = 75676F0F263A953100569AF5 /* SearchMoviePresenter.swift */; };
		75676F15263A954000569AF5 /* SearchMovieModel.swift in Sources */ = {isa = PBXBuildFile; fileRef = 75676F14263A954000569AF5 /* SearchMovieModel.swift */; };
		75676F21263A97E300569AF5 /* MovieTableViewCell.swift in Sources */ = {isa = PBXBuildFile; fileRef = 75676F1F263A97E300569AF5 /* MovieTableViewCell.swift */; };
		75676F22263A97E300569AF5 /* MovieTableViewCell.xib in Resources */ = {isa = PBXBuildFile; fileRef = 75676F20263A97E300569AF5 /* MovieTableViewCell.xib */; };
		75676F2B263AA0B900569AF5 /* Movie.swift in Sources */ = {isa = PBXBuildFile; fileRef = 75676F2A263AA0B900569AF5 /* Movie.swift */; };
		75676F33263AA2FA00569AF5 /* TMDB.swift in Sources */ = {isa = PBXBuildFile; fileRef = 75676F32263AA2FA00569AF5 /* TMDB.swift */; };
		8E2A557D1AF49C807E7A8C6B /* Pods_MovieReviewMVPTests.framework in Frameworks */ = {isa = PBXBuildFile; fileRef = 2295042AF8F23A7316C15563 /* Pods_MovieReviewMVPTests.framework */; };
		D500AA2732A15AA87E1E1F45 /* Pods_MovieReviewMVP_MovieReviewMVPUITests.framework in Frameworks */ = {isa = PBXBuildFile; fileRef = 8237B98DE823A8A0753B238B /* Pods_MovieReviewMVP_MovieReviewMVPUITests.framework */; };
/* End PBXBuildFile section */

/* Begin PBXContainerItemProxy section */
		75676EEF263A89B600569AF5 /* PBXContainerItemProxy */ = {
			isa = PBXContainerItemProxy;
			containerPortal = 75676ED0263A89B400569AF5 /* Project object */;
			proxyType = 1;
			remoteGlobalIDString = 75676ED7263A89B400569AF5;
			remoteInfo = MovieReviewMVP;
		};
		75676EFA263A89B600569AF5 /* PBXContainerItemProxy */ = {
			isa = PBXContainerItemProxy;
			containerPortal = 75676ED0263A89B400569AF5 /* Project object */;
			proxyType = 1;
			remoteGlobalIDString = 75676ED7263A89B400569AF5;
			remoteInfo = MovieReviewMVP;
		};
/* End PBXContainerItemProxy section */

/* Begin PBXFileReference section */
		2295042AF8F23A7316C15563 /* Pods_MovieReviewMVPTests.framework */ = {isa = PBXFileReference; explicitFileType = wrapper.framework; includeInIndex = 0; path = Pods_MovieReviewMVPTests.framework; sourceTree = BUILT_PRODUCTS_DIR; };
		40D602ABE5667D46CB4AA6EF /* Pods-MovieReviewMVP-MovieReviewMVPUITests.release.xcconfig */ = {isa = PBXFileReference; includeInIndex = 1; lastKnownFileType = text.xcconfig; name = "Pods-MovieReviewMVP-MovieReviewMVPUITests.release.xcconfig"; path = "Target Support Files/Pods-MovieReviewMVP-MovieReviewMVPUITests/Pods-MovieReviewMVP-MovieReviewMVPUITests.release.xcconfig"; sourceTree = "<group>"; };
		43E6CC0C0644BB32C559BF33 /* Pods-MovieReviewMVPTests.release.xcconfig */ = {isa = PBXFileReference; includeInIndex = 1; lastKnownFileType = text.xcconfig; name = "Pods-MovieReviewMVPTests.release.xcconfig"; path = "Target Support Files/Pods-MovieReviewMVPTests/Pods-MovieReviewMVPTests.release.xcconfig"; sourceTree = "<group>"; };
		4F9D83950B39D20DECEC263C /* Pods-MovieReviewMVP-MovieReviewMVPUITests.debug.xcconfig */ = {isa = PBXFileReference; includeInIndex = 1; lastKnownFileType = text.xcconfig; name = "Pods-MovieReviewMVP-MovieReviewMVPUITests.debug.xcconfig"; path = "Target Support Files/Pods-MovieReviewMVP-MovieReviewMVPUITests/Pods-MovieReviewMVP-MovieReviewMVPUITests.debug.xcconfig"; sourceTree = "<group>"; };
		75636BE5263B994F00281DB1 /* SearchMovie.storyboard */ = {isa = PBXFileReference; lastKnownFileType = file.storyboard; path = SearchMovie.storyboard; sourceTree = "<group>"; };
		75636BEE263C008200281DB1 /* ReviewMovie.storyboard */ = {isa = PBXFileReference; lastKnownFileType = file.storyboard; path = ReviewMovie.storyboard; sourceTree = "<group>"; };
		75636BF6263C2EBB00281DB1 /* ReviewMovieViewController.swift */ = {isa = PBXFileReference; lastKnownFileType = sourcecode.swift; path = ReviewMovieViewController.swift; sourceTree = "<group>"; };
		75636BFB263C361A00281DB1 /* ReviewMovieModel.swift */ = {isa = PBXFileReference; lastKnownFileType = sourcecode.swift; path = ReviewMovieModel.swift; sourceTree = "<group>"; };
		75636C00263C370800281DB1 /* ReviewMoviePresenter.swift */ = {isa = PBXFileReference; lastKnownFileType = sourcecode.swift; path = ReviewMoviePresenter.swift; sourceTree = "<group>"; };
		75656035263F60F300284980 /* MovieTabBarController.swift */ = {isa = PBXFileReference; lastKnownFileType = sourcecode.swift; path = MovieTabBarController.swift; sourceTree = "<group>"; };
		75676ED8263A89B400569AF5 /* MovieReviewMVP.app */ = {isa = PBXFileReference; explicitFileType = wrapper.application; includeInIndex = 0; path = MovieReviewMVP.app; sourceTree = BUILT_PRODUCTS_DIR; };
		75676EDB263A89B400569AF5 /* AppDelegate.swift */ = {isa = PBXFileReference; lastKnownFileType = sourcecode.swift; path = AppDelegate.swift; sourceTree = "<group>"; };
		75676EDD263A89B400569AF5 /* SceneDelegate.swift */ = {isa = PBXFileReference; lastKnownFileType = sourcecode.swift; path = SceneDelegate.swift; sourceTree = "<group>"; };
		75676EDF263A89B400569AF5 /* SearchMovieViewController.swift */ = {isa = PBXFileReference; lastKnownFileType = sourcecode.swift; path = SearchMovieViewController.swift; sourceTree = "<group>"; };
		75676EE2263A89B400569AF5 /* Base */ = {isa = PBXFileReference; lastKnownFileType = file.storyboard; name = Base; path = Base.lproj/Main.storyboard; sourceTree = "<group>"; };
		75676EE4263A89B500569AF5 /* Assets.xcassets */ = {isa = PBXFileReference; lastKnownFileType = folder.assetcatalog; path = Assets.xcassets; sourceTree = "<group>"; };
		75676EE7263A89B500569AF5 /* Base */ = {isa = PBXFileReference; lastKnownFileType = file.storyboard; name = Base; path = Base.lproj/LaunchScreen.storyboard; sourceTree = "<group>"; };
		75676EE9263A89B500569AF5 /* Info.plist */ = {isa = PBXFileReference; lastKnownFileType = text.plist.xml; path = Info.plist; sourceTree = "<group>"; };
		75676EEE263A89B600569AF5 /* MovieReviewMVPTests.xctest */ = {isa = PBXFileReference; explicitFileType = wrapper.cfbundle; includeInIndex = 0; path = MovieReviewMVPTests.xctest; sourceTree = BUILT_PRODUCTS_DIR; };
		75676EF2263A89B600569AF5 /* MovieReviewMVPTests.swift */ = {isa = PBXFileReference; lastKnownFileType = sourcecode.swift; path = MovieReviewMVPTests.swift; sourceTree = "<group>"; };
		75676EF4263A89B600569AF5 /* Info.plist */ = {isa = PBXFileReference; lastKnownFileType = text.plist.xml; path = Info.plist; sourceTree = "<group>"; };
		75676EF9263A89B600569AF5 /* MovieReviewMVPUITests.xctest */ = {isa = PBXFileReference; explicitFileType = wrapper.cfbundle; includeInIndex = 0; path = MovieReviewMVPUITests.xctest; sourceTree = BUILT_PRODUCTS_DIR; };
		75676EFD263A89B600569AF5 /* MovieReviewMVPUITests.swift */ = {isa = PBXFileReference; lastKnownFileType = sourcecode.swift; path = MovieReviewMVPUITests.swift; sourceTree = "<group>"; };
		75676EFF263A89B600569AF5 /* Info.plist */ = {isa = PBXFileReference; lastKnownFileType = text.plist.xml; path = Info.plist; sourceTree = "<group>"; };
		75676F0F263A953100569AF5 /* SearchMoviePresenter.swift */ = {isa = PBXFileReference; lastKnownFileType = sourcecode.swift; path = SearchMoviePresenter.swift; sourceTree = "<group>"; };
		75676F14263A954000569AF5 /* SearchMovieModel.swift */ = {isa = PBXFileReference; lastKnownFileType = sourcecode.swift; path = SearchMovieModel.swift; sourceTree = "<group>"; };
		75676F1F263A97E300569AF5 /* MovieTableViewCell.swift */ = {isa = PBXFileReference; lastKnownFileType = sourcecode.swift; path = MovieTableViewCell.swift; sourceTree = "<group>"; };
		75676F20263A97E300569AF5 /* MovieTableViewCell.xib */ = {isa = PBXFileReference; lastKnownFileType = file.xib; path = MovieTableViewCell.xib; sourceTree = "<group>"; };
		75676F2A263AA0B900569AF5 /* Movie.swift */ = {isa = PBXFileReference; lastKnownFileType = sourcecode.swift; path = Movie.swift; sourceTree = "<group>"; };
		75676F32263AA2FA00569AF5 /* TMDB.swift */ = {isa = PBXFileReference; lastKnownFileType = sourcecode.swift; path = TMDB.swift; sourceTree = "<group>"; };
		8237B98DE823A8A0753B238B /* Pods_MovieReviewMVP_MovieReviewMVPUITests.framework */ = {isa = PBXFileReference; explicitFileType = wrapper.framework; includeInIndex = 0; path = Pods_MovieReviewMVP_MovieReviewMVPUITests.framework; sourceTree = BUILT_PRODUCTS_DIR; };
		851DF11BBDD60E59E84AD1BF /* Pods-MovieReviewMVPTests.debug.xcconfig */ = {isa = PBXFileReference; includeInIndex = 1; lastKnownFileType = text.xcconfig; name = "Pods-MovieReviewMVPTests.debug.xcconfig"; path = "Target Support Files/Pods-MovieReviewMVPTests/Pods-MovieReviewMVPTests.debug.xcconfig"; sourceTree = "<group>"; };
		88D1673F9C441F9F62AF3947 /* Pods-MovieReviewMVP.debug.xcconfig */ = {isa = PBXFileReference; includeInIndex = 1; lastKnownFileType = text.xcconfig; name = "Pods-MovieReviewMVP.debug.xcconfig"; path = "Target Support Files/Pods-MovieReviewMVP/Pods-MovieReviewMVP.debug.xcconfig"; sourceTree = "<group>"; };
		B716B9CFF3F68CEE2E27FAE1 /* Pods-MovieReviewMVP.release.xcconfig */ = {isa = PBXFileReference; includeInIndex = 1; lastKnownFileType = text.xcconfig; name = "Pods-MovieReviewMVP.release.xcconfig"; path = "Target Support Files/Pods-MovieReviewMVP/Pods-MovieReviewMVP.release.xcconfig"; sourceTree = "<group>"; };
		D21F898D6D5259B4D5B60806 /* Pods_MovieReviewMVP.framework */ = {isa = PBXFileReference; explicitFileType = wrapper.framework; includeInIndex = 0; path = Pods_MovieReviewMVP.framework; sourceTree = BUILT_PRODUCTS_DIR; };
/* End PBXFileReference section */

/* Begin PBXFrameworksBuildPhase section */
		75676ED5263A89B400569AF5 /* Frameworks */ = {
			isa = PBXFrameworksBuildPhase;
			buildActionMask = 2147483647;
			files = (
				4BB28AA5B5C2319EAD7816C9 /* Pods_MovieReviewMVP.framework in Frameworks */,
			);
			runOnlyForDeploymentPostprocessing = 0;
		};
		75676EEB263A89B600569AF5 /* Frameworks */ = {
			isa = PBXFrameworksBuildPhase;
			buildActionMask = 2147483647;
			files = (
				8E2A557D1AF49C807E7A8C6B /* Pods_MovieReviewMVPTests.framework in Frameworks */,
			);
			runOnlyForDeploymentPostprocessing = 0;
		};
		75676EF6263A89B600569AF5 /* Frameworks */ = {
			isa = PBXFrameworksBuildPhase;
			buildActionMask = 2147483647;
			files = (
				D500AA2732A15AA87E1E1F45 /* Pods_MovieReviewMVP_MovieReviewMVPUITests.framework in Frameworks */,
			);
			runOnlyForDeploymentPostprocessing = 0;
		};
/* End PBXFrameworksBuildPhase section */

/* Begin PBXGroup section */
		0BEEA39556EF93F6F49D560A /* Pods */ = {
			isa = PBXGroup;
			children = (
				88D1673F9C441F9F62AF3947 /* Pods-MovieReviewMVP.debug.xcconfig */,
				B716B9CFF3F68CEE2E27FAE1 /* Pods-MovieReviewMVP.release.xcconfig */,
				4F9D83950B39D20DECEC263C /* Pods-MovieReviewMVP-MovieReviewMVPUITests.debug.xcconfig */,
				40D602ABE5667D46CB4AA6EF /* Pods-MovieReviewMVP-MovieReviewMVPUITests.release.xcconfig */,
				851DF11BBDD60E59E84AD1BF /* Pods-MovieReviewMVPTests.debug.xcconfig */,
				43E6CC0C0644BB32C559BF33 /* Pods-MovieReviewMVPTests.release.xcconfig */,
			);
			path = Pods;
			sourceTree = "<group>";
		};
		75636BED263C004400281DB1 /* ReviewMovie */ = {
			isa = PBXGroup;
			children = (
				75636BEE263C008200281DB1 /* ReviewMovie.storyboard */,
				75636BFB263C361A00281DB1 /* ReviewMovieModel.swift */,
				75636C00263C370800281DB1 /* ReviewMoviePresenter.swift */,
				75636BF6263C2EBB00281DB1 /* ReviewMovieViewController.swift */,
			);
			path = ReviewMovie;
			sourceTree = "<group>";
		};
		75676ECF263A89B400569AF5 = {
			isa = PBXGroup;
			children = (
				75676EDA263A89B400569AF5 /* MovieReviewMVP */,
				75676EF1263A89B600569AF5 /* MovieReviewMVPTests */,
				75676EFC263A89B600569AF5 /* MovieReviewMVPUITests */,
				75676ED9263A89B400569AF5 /* Products */,
				0BEEA39556EF93F6F49D560A /* Pods */,
				CC4A8A90E34E8A4D47CE6F82 /* Frameworks */,
			);
			sourceTree = "<group>";
		};
		75676ED9263A89B400569AF5 /* Products */ = {
			isa = PBXGroup;
			children = (
				75676ED8263A89B400569AF5 /* MovieReviewMVP.app */,
				75676EEE263A89B600569AF5 /* MovieReviewMVPTests.xctest */,
				75676EF9263A89B600569AF5 /* MovieReviewMVPUITests.xctest */,
			);
			name = Products;
			sourceTree = "<group>";
		};
		75676EDA263A89B400569AF5 /* MovieReviewMVP */ = {
			isa = PBXGroup;
			children = (
				75676F29263AA0A200569AF5 /* Domain */,
				75676EDB263A89B400569AF5 /* AppDelegate.swift */,
				75676EDD263A89B400569AF5 /* SceneDelegate.swift */,
				75656035263F60F300284980 /* MovieTabBarController.swift */,
				75676F1F263A97E300569AF5 /* MovieTableViewCell.swift */,
				75676F20263A97E300569AF5 /* MovieTableViewCell.xib */,
				75636BED263C004400281DB1 /* ReviewMovie */,
				75676F0E263A94BB00569AF5 /* SearchMovie */,
				75676EE1263A89B400569AF5 /* Main.storyboard */,
				75676EE4263A89B500569AF5 /* Assets.xcassets */,
				75676EE6263A89B500569AF5 /* LaunchScreen.storyboard */,
				75676EE9263A89B500569AF5 /* Info.plist */,
			);
			path = MovieReviewMVP;
			sourceTree = "<group>";
		};
		75676EF1263A89B600569AF5 /* MovieReviewMVPTests */ = {
			isa = PBXGroup;
			children = (
				75676EF2263A89B600569AF5 /* MovieReviewMVPTests.swift */,
				75676EF4263A89B600569AF5 /* Info.plist */,
			);
			path = MovieReviewMVPTests;
			sourceTree = "<group>";
		};
		75676EFC263A89B600569AF5 /* MovieReviewMVPUITests */ = {
			isa = PBXGroup;
			children = (
				75676EFD263A89B600569AF5 /* MovieReviewMVPUITests.swift */,
				75676EFF263A89B600569AF5 /* Info.plist */,
			);
			path = MovieReviewMVPUITests;
			sourceTree = "<group>";
		};
		75676F0E263A94BB00569AF5 /* SearchMovie */ = {
			isa = PBXGroup;
			children = (
				75636BE5263B994F00281DB1 /* SearchMovie.storyboard */,
				75676F14263A954000569AF5 /* SearchMovieModel.swift */,
				75676F0F263A953100569AF5 /* SearchMoviePresenter.swift */,
				75676EDF263A89B400569AF5 /* SearchMovieViewController.swift */,
			);
			path = SearchMovie;
			sourceTree = "<group>";
		};
		75676F29263AA0A200569AF5 /* Domain */ = {
			isa = PBXGroup;
			children = (
				75676F32263AA2FA00569AF5 /* TMDB.swift */,
				75676F2A263AA0B900569AF5 /* Movie.swift */,
			);
			path = Domain;
			sourceTree = "<group>";
		};
		CC4A8A90E34E8A4D47CE6F82 /* Frameworks */ = {
			isa = PBXGroup;
			children = (
				D21F898D6D5259B4D5B60806 /* Pods_MovieReviewMVP.framework */,
				8237B98DE823A8A0753B238B /* Pods_MovieReviewMVP_MovieReviewMVPUITests.framework */,
				2295042AF8F23A7316C15563 /* Pods_MovieReviewMVPTests.framework */,
			);
			name = Frameworks;
			sourceTree = "<group>";
		};
/* End PBXGroup section */

/* Begin PBXNativeTarget section */
		75676ED7263A89B400569AF5 /* MovieReviewMVP */ = {
			isa = PBXNativeTarget;
			buildConfigurationList = 75676F02263A89B600569AF5 /* Build configuration list for PBXNativeTarget "MovieReviewMVP" */;
			buildPhases = (
				F2BC23BE329E598D54F7F0BF /* [CP] Check Pods Manifest.lock */,
				75676ED4263A89B400569AF5 /* Sources */,
				75676ED5263A89B400569AF5 /* Frameworks */,
				75676ED6263A89B400569AF5 /* Resources */,
				7DA8BB29FB8149EC410442F2 /* [CP] Embed Pods Frameworks */,
			);
			buildRules = (
			);
			dependencies = (
			);
			name = MovieReviewMVP;
			productName = MovieReviewMVP;
			productReference = 75676ED8263A89B400569AF5 /* MovieReviewMVP.app */;
			productType = "com.apple.product-type.application";
		};
		75676EED263A89B600569AF5 /* MovieReviewMVPTests */ = {
			isa = PBXNativeTarget;
			buildConfigurationList = 75676F05263A89B600569AF5 /* Build configuration list for PBXNativeTarget "MovieReviewMVPTests" */;
			buildPhases = (
				D418E1C8600644F73F2977DB /* [CP] Check Pods Manifest.lock */,
				75676EEA263A89B600569AF5 /* Sources */,
				75676EEB263A89B600569AF5 /* Frameworks */,
				75676EEC263A89B600569AF5 /* Resources */,
			);
			buildRules = (
			);
			dependencies = (
				75676EF0263A89B600569AF5 /* PBXTargetDependency */,
			);
			name = MovieReviewMVPTests;
			productName = MovieReviewMVPTests;
			productReference = 75676EEE263A89B600569AF5 /* MovieReviewMVPTests.xctest */;
			productType = "com.apple.product-type.bundle.unit-test";
		};
		75676EF8263A89B600569AF5 /* MovieReviewMVPUITests */ = {
			isa = PBXNativeTarget;
			buildConfigurationList = 75676F08263A89B600569AF5 /* Build configuration list for PBXNativeTarget "MovieReviewMVPUITests" */;
			buildPhases = (
				C2D4F4E083C134FE6FB6E7FA /* [CP] Check Pods Manifest.lock */,
				75676EF5263A89B600569AF5 /* Sources */,
				75676EF6263A89B600569AF5 /* Frameworks */,
				75676EF7263A89B600569AF5 /* Resources */,
				8680D79FBCB1B1EEA3331EDF /* [CP] Embed Pods Frameworks */,
			);
			buildRules = (
			);
			dependencies = (
				75676EFB263A89B600569AF5 /* PBXTargetDependency */,
			);
			name = MovieReviewMVPUITests;
			productName = MovieReviewMVPUITests;
			productReference = 75676EF9263A89B600569AF5 /* MovieReviewMVPUITests.xctest */;
			productType = "com.apple.product-type.bundle.ui-testing";
		};
/* End PBXNativeTarget section */

/* Begin PBXProject section */
		75676ED0263A89B400569AF5 /* Project object */ = {
			isa = PBXProject;
			attributes = {
				LastSwiftUpdateCheck = 1240;
				LastUpgradeCheck = 1240;
				TargetAttributes = {
					75676ED7263A89B400569AF5 = {
						CreatedOnToolsVersion = 12.4;
					};
					75676EED263A89B600569AF5 = {
						CreatedOnToolsVersion = 12.4;
						TestTargetID = 75676ED7263A89B400569AF5;
					};
					75676EF8263A89B600569AF5 = {
						CreatedOnToolsVersion = 12.4;
						TestTargetID = 75676ED7263A89B400569AF5;
					};
				};
			};
			buildConfigurationList = 75676ED3263A89B400569AF5 /* Build configuration list for PBXProject "MovieReviewMVP" */;
			compatibilityVersion = "Xcode 9.3";
			developmentRegion = en;
			hasScannedForEncodings = 0;
			knownRegions = (
				en,
				Base,
			);
			mainGroup = 75676ECF263A89B400569AF5;
			productRefGroup = 75676ED9263A89B400569AF5 /* Products */;
			projectDirPath = "";
			projectRoot = "";
			targets = (
				75676ED7263A89B400569AF5 /* MovieReviewMVP */,
				75676EED263A89B600569AF5 /* MovieReviewMVPTests */,
				75676EF8263A89B600569AF5 /* MovieReviewMVPUITests */,
			);
		};
/* End PBXProject section */

/* Begin PBXResourcesBuildPhase section */
		75676ED6263A89B400569AF5 /* Resources */ = {
			isa = PBXResourcesBuildPhase;
			buildActionMask = 2147483647;
			files = (
				75676EE8263A89B500569AF5 /* LaunchScreen.storyboard in Resources */,
				75676EE5263A89B500569AF5 /* Assets.xcassets in Resources */,
				75636BE6263B994F00281DB1 /* SearchMovie.storyboard in Resources */,
				75636BEF263C008200281DB1 /* ReviewMovie.storyboard in Resources */,
				75676F22263A97E300569AF5 /* MovieTableViewCell.xib in Resources */,
				75676EE3263A89B400569AF5 /* Main.storyboard in Resources */,
			);
			runOnlyForDeploymentPostprocessing = 0;
		};
		75676EEC263A89B600569AF5 /* Resources */ = {
			isa = PBXResourcesBuildPhase;
			buildActionMask = 2147483647;
			files = (
			);
			runOnlyForDeploymentPostprocessing = 0;
		};
		75676EF7263A89B600569AF5 /* Resources */ = {
			isa = PBXResourcesBuildPhase;
			buildActionMask = 2147483647;
			files = (
			);
			runOnlyForDeploymentPostprocessing = 0;
		};
/* End PBXResourcesBuildPhase section */

/* Begin PBXShellScriptBuildPhase section */
		7DA8BB29FB8149EC410442F2 /* [CP] Embed Pods Frameworks */ = {
			isa = PBXShellScriptBuildPhase;
			buildActionMask = 2147483647;
			files = (
			);
			inputFileListPaths = (
				"${PODS_ROOT}/Target Support Files/Pods-MovieReviewMVP/Pods-MovieReviewMVP-frameworks-${CONFIGURATION}-input-files.xcfilelist",
			);
			name = "[CP] Embed Pods Frameworks";
			outputFileListPaths = (
				"${PODS_ROOT}/Target Support Files/Pods-MovieReviewMVP/Pods-MovieReviewMVP-frameworks-${CONFIGURATION}-output-files.xcfilelist",
			);
			runOnlyForDeploymentPostprocessing = 0;
			shellPath = /bin/sh;
			shellScript = "\"${PODS_ROOT}/Target Support Files/Pods-MovieReviewMVP/Pods-MovieReviewMVP-frameworks.sh\"\n";
			showEnvVarsInLog = 0;
		};
		8680D79FBCB1B1EEA3331EDF /* [CP] Embed Pods Frameworks */ = {
			isa = PBXShellScriptBuildPhase;
			buildActionMask = 2147483647;
			files = (
			);
			inputFileListPaths = (
				"${PODS_ROOT}/Target Support Files/Pods-MovieReviewMVP-MovieReviewMVPUITests/Pods-MovieReviewMVP-MovieReviewMVPUITests-frameworks-${CONFIGURATION}-input-files.xcfilelist",
			);
			name = "[CP] Embed Pods Frameworks";
			outputFileListPaths = (
				"${PODS_ROOT}/Target Support Files/Pods-MovieReviewMVP-MovieReviewMVPUITests/Pods-MovieReviewMVP-MovieReviewMVPUITests-frameworks-${CONFIGURATION}-output-files.xcfilelist",
			);
			runOnlyForDeploymentPostprocessing = 0;
			shellPath = /bin/sh;
			shellScript = "\"${PODS_ROOT}/Target Support Files/Pods-MovieReviewMVP-MovieReviewMVPUITests/Pods-MovieReviewMVP-MovieReviewMVPUITests-frameworks.sh\"\n";
			showEnvVarsInLog = 0;
		};
		C2D4F4E083C134FE6FB6E7FA /* [CP] Check Pods Manifest.lock */ = {
			isa = PBXShellScriptBuildPhase;
			buildActionMask = 2147483647;
			files = (
			);
			inputFileListPaths = (
			);
			inputPaths = (
				"${PODS_PODFILE_DIR_PATH}/Podfile.lock",
				"${PODS_ROOT}/Manifest.lock",
			);
			name = "[CP] Check Pods Manifest.lock";
			outputFileListPaths = (
			);
			outputPaths = (
				"$(DERIVED_FILE_DIR)/Pods-MovieReviewMVP-MovieReviewMVPUITests-checkManifestLockResult.txt",
			);
			runOnlyForDeploymentPostprocessing = 0;
			shellPath = /bin/sh;
			shellScript = "diff \"${PODS_PODFILE_DIR_PATH}/Podfile.lock\" \"${PODS_ROOT}/Manifest.lock\" > /dev/null\nif [ $? != 0 ] ; then\n    # print error to STDERR\n    echo \"error: The sandbox is not in sync with the Podfile.lock. Run 'pod install' or update your CocoaPods installation.\" >&2\n    exit 1\nfi\n# This output is used by Xcode 'outputs' to avoid re-running this script phase.\necho \"SUCCESS\" > \"${SCRIPT_OUTPUT_FILE_0}\"\n";
			showEnvVarsInLog = 0;
		};
		D418E1C8600644F73F2977DB /* [CP] Check Pods Manifest.lock */ = {
			isa = PBXShellScriptBuildPhase;
			buildActionMask = 2147483647;
			files = (
			);
			inputFileListPaths = (
			);
			inputPaths = (
				"${PODS_PODFILE_DIR_PATH}/Podfile.lock",
				"${PODS_ROOT}/Manifest.lock",
			);
			name = "[CP] Check Pods Manifest.lock";
			outputFileListPaths = (
			);
			outputPaths = (
				"$(DERIVED_FILE_DIR)/Pods-MovieReviewMVPTests-checkManifestLockResult.txt",
			);
			runOnlyForDeploymentPostprocessing = 0;
			shellPath = /bin/sh;
			shellScript = "diff \"${PODS_PODFILE_DIR_PATH}/Podfile.lock\" \"${PODS_ROOT}/Manifest.lock\" > /dev/null\nif [ $? != 0 ] ; then\n    # print error to STDERR\n    echo \"error: The sandbox is not in sync with the Podfile.lock. Run 'pod install' or update your CocoaPods installation.\" >&2\n    exit 1\nfi\n# This output is used by Xcode 'outputs' to avoid re-running this script phase.\necho \"SUCCESS\" > \"${SCRIPT_OUTPUT_FILE_0}\"\n";
			showEnvVarsInLog = 0;
		};
		F2BC23BE329E598D54F7F0BF /* [CP] Check Pods Manifest.lock */ = {
			isa = PBXShellScriptBuildPhase;
			buildActionMask = 2147483647;
			files = (
			);
			inputFileListPaths = (
			);
			inputPaths = (
				"${PODS_PODFILE_DIR_PATH}/Podfile.lock",
				"${PODS_ROOT}/Manifest.lock",
			);
			name = "[CP] Check Pods Manifest.lock";
			outputFileListPaths = (
			);
			outputPaths = (
				"$(DERIVED_FILE_DIR)/Pods-MovieReviewMVP-checkManifestLockResult.txt",
			);
			runOnlyForDeploymentPostprocessing = 0;
			shellPath = /bin/sh;
			shellScript = "diff \"${PODS_PODFILE_DIR_PATH}/Podfile.lock\" \"${PODS_ROOT}/Manifest.lock\" > /dev/null\nif [ $? != 0 ] ; then\n    # print error to STDERR\n    echo \"error: The sandbox is not in sync with the Podfile.lock. Run 'pod install' or update your CocoaPods installation.\" >&2\n    exit 1\nfi\n# This output is used by Xcode 'outputs' to avoid re-running this script phase.\necho \"SUCCESS\" > \"${SCRIPT_OUTPUT_FILE_0}\"\n";
			showEnvVarsInLog = 0;
		};
/* End PBXShellScriptBuildPhase section */

/* Begin PBXSourcesBuildPhase section */
		75676ED4263A89B400569AF5 /* Sources */ = {
			isa = PBXSourcesBuildPhase;
			buildActionMask = 2147483647;
			files = (
				75676F2B263AA0B900569AF5 /* Movie.swift in Sources */,
				75676EE0263A89B400569AF5 /* SearchMovieViewController.swift in Sources */,
				75676EDC263A89B400569AF5 /* AppDelegate.swift in Sources */,
				75676F21263A97E300569AF5 /* MovieTableViewCell.swift in Sources */,
				75636C01263C370800281DB1 /* ReviewMoviePresenter.swift in Sources */,
				75636BFC263C361A00281DB1 /* ReviewMovieModel.swift in Sources */,
				75656036263F60F300284980 /* MovieTabBarController.swift in Sources */,
				75676F33263AA2FA00569AF5 /* TMDB.swift in Sources */,
				75676F15263A954000569AF5 /* SearchMovieModel.swift in Sources */,
				75676EDE263A89B400569AF5 /* SceneDelegate.swift in Sources */,
				75676F10263A953100569AF5 /* SearchMoviePresenter.swift in Sources */,
				75636BF7263C2EBB00281DB1 /* ReviewMovieViewController.swift in Sources */,
			);
			runOnlyForDeploymentPostprocessing = 0;
		};
		75676EEA263A89B600569AF5 /* Sources */ = {
			isa = PBXSourcesBuildPhase;
			buildActionMask = 2147483647;
			files = (
				75676EF3263A89B600569AF5 /* MovieReviewMVPTests.swift in Sources */,
			);
			runOnlyForDeploymentPostprocessing = 0;
		};
		75676EF5263A89B600569AF5 /* Sources */ = {
			isa = PBXSourcesBuildPhase;
			buildActionMask = 2147483647;
			files = (
				75676EFE263A89B600569AF5 /* MovieReviewMVPUITests.swift in Sources */,
			);
			runOnlyForDeploymentPostprocessing = 0;
		};
/* End PBXSourcesBuildPhase section */

/* Begin PBXTargetDependency section */
		75676EF0263A89B600569AF5 /* PBXTargetDependency */ = {
			isa = PBXTargetDependency;
			target = 75676ED7263A89B400569AF5 /* MovieReviewMVP */;
			targetProxy = 75676EEF263A89B600569AF5 /* PBXContainerItemProxy */;
		};
		75676EFB263A89B600569AF5 /* PBXTargetDependency */ = {
			isa = PBXTargetDependency;
			target = 75676ED7263A89B400569AF5 /* MovieReviewMVP */;
			targetProxy = 75676EFA263A89B600569AF5 /* PBXContainerItemProxy */;
		};
/* End PBXTargetDependency section */

/* Begin PBXVariantGroup section */
		75676EE1263A89B400569AF5 /* Main.storyboard */ = {
			isa = PBXVariantGroup;
			children = (
				75676EE2263A89B400569AF5 /* Base */,
			);
			name = Main.storyboard;
			sourceTree = "<group>";
		};
		75676EE6263A89B500569AF5 /* LaunchScreen.storyboard */ = {
			isa = PBXVariantGroup;
			children = (
				75676EE7263A89B500569AF5 /* Base */,
			);
			name = LaunchScreen.storyboard;
			sourceTree = "<group>";
		};
/* End PBXVariantGroup section */

/* Begin XCBuildConfiguration section */
		75676F00263A89B600569AF5 /* Debug */ = {
			isa = XCBuildConfiguration;
			buildSettings = {
				ALWAYS_SEARCH_USER_PATHS = NO;
				CLANG_ANALYZER_NONNULL = YES;
				CLANG_ANALYZER_NUMBER_OBJECT_CONVERSION = YES_AGGRESSIVE;
				CLANG_CXX_LANGUAGE_STANDARD = "gnu++14";
				CLANG_CXX_LIBRARY = "libc++";
				CLANG_ENABLE_MODULES = YES;
				CLANG_ENABLE_OBJC_ARC = YES;
				CLANG_ENABLE_OBJC_WEAK = YES;
				CLANG_WARN_BLOCK_CAPTURE_AUTORELEASING = YES;
				CLANG_WARN_BOOL_CONVERSION = YES;
				CLANG_WARN_COMMA = YES;
				CLANG_WARN_CONSTANT_CONVERSION = YES;
				CLANG_WARN_DEPRECATED_OBJC_IMPLEMENTATIONS = YES;
				CLANG_WARN_DIRECT_OBJC_ISA_USAGE = YES_ERROR;
				CLANG_WARN_DOCUMENTATION_COMMENTS = YES;
				CLANG_WARN_EMPTY_BODY = YES;
				CLANG_WARN_ENUM_CONVERSION = YES;
				CLANG_WARN_INFINITE_RECURSION = YES;
				CLANG_WARN_INT_CONVERSION = YES;
				CLANG_WARN_NON_LITERAL_NULL_CONVERSION = YES;
				CLANG_WARN_OBJC_IMPLICIT_RETAIN_SELF = YES;
				CLANG_WARN_OBJC_LITERAL_CONVERSION = YES;
				CLANG_WARN_OBJC_ROOT_CLASS = YES_ERROR;
				CLANG_WARN_QUOTED_INCLUDE_IN_FRAMEWORK_HEADER = YES;
				CLANG_WARN_RANGE_LOOP_ANALYSIS = YES;
				CLANG_WARN_STRICT_PROTOTYPES = YES;
				CLANG_WARN_SUSPICIOUS_MOVE = YES;
				CLANG_WARN_UNGUARDED_AVAILABILITY = YES_AGGRESSIVE;
				CLANG_WARN_UNREACHABLE_CODE = YES;
				CLANG_WARN__DUPLICATE_METHOD_MATCH = YES;
				COPY_PHASE_STRIP = NO;
				DEBUG_INFORMATION_FORMAT = dwarf;
				ENABLE_STRICT_OBJC_MSGSEND = YES;
				ENABLE_TESTABILITY = YES;
				GCC_C_LANGUAGE_STANDARD = gnu11;
				GCC_DYNAMIC_NO_PIC = NO;
				GCC_NO_COMMON_BLOCKS = YES;
				GCC_OPTIMIZATION_LEVEL = 0;
				GCC_PREPROCESSOR_DEFINITIONS = (
					"DEBUG=1",
					"$(inherited)",
				);
				GCC_WARN_64_TO_32_BIT_CONVERSION = YES;
				GCC_WARN_ABOUT_RETURN_TYPE = YES_ERROR;
				GCC_WARN_UNDECLARED_SELECTOR = YES;
				GCC_WARN_UNINITIALIZED_AUTOS = YES_AGGRESSIVE;
				GCC_WARN_UNUSED_FUNCTION = YES;
				GCC_WARN_UNUSED_VARIABLE = YES;
				IPHONEOS_DEPLOYMENT_TARGET = 14.4;
				MTL_ENABLE_DEBUG_INFO = INCLUDE_SOURCE;
				MTL_FAST_MATH = YES;
				ONLY_ACTIVE_ARCH = YES;
				SDKROOT = iphoneos;
				SWIFT_ACTIVE_COMPILATION_CONDITIONS = DEBUG;
				SWIFT_OPTIMIZATION_LEVEL = "-Onone";
			};
			name = Debug;
		};
		75676F01263A89B600569AF5 /* Release */ = {
			isa = XCBuildConfiguration;
			buildSettings = {
				ALWAYS_SEARCH_USER_PATHS = NO;
				CLANG_ANALYZER_NONNULL = YES;
				CLANG_ANALYZER_NUMBER_OBJECT_CONVERSION = YES_AGGRESSIVE;
				CLANG_CXX_LANGUAGE_STANDARD = "gnu++14";
				CLANG_CXX_LIBRARY = "libc++";
				CLANG_ENABLE_MODULES = YES;
				CLANG_ENABLE_OBJC_ARC = YES;
				CLANG_ENABLE_OBJC_WEAK = YES;
				CLANG_WARN_BLOCK_CAPTURE_AUTORELEASING = YES;
				CLANG_WARN_BOOL_CONVERSION = YES;
				CLANG_WARN_COMMA = YES;
				CLANG_WARN_CONSTANT_CONVERSION = YES;
				CLANG_WARN_DEPRECATED_OBJC_IMPLEMENTATIONS = YES;
				CLANG_WARN_DIRECT_OBJC_ISA_USAGE = YES_ERROR;
				CLANG_WARN_DOCUMENTATION_COMMENTS = YES;
				CLANG_WARN_EMPTY_BODY = YES;
				CLANG_WARN_ENUM_CONVERSION = YES;
				CLANG_WARN_INFINITE_RECURSION = YES;
				CLANG_WARN_INT_CONVERSION = YES;
				CLANG_WARN_NON_LITERAL_NULL_CONVERSION = YES;
				CLANG_WARN_OBJC_IMPLICIT_RETAIN_SELF = YES;
				CLANG_WARN_OBJC_LITERAL_CONVERSION = YES;
				CLANG_WARN_OBJC_ROOT_CLASS = YES_ERROR;
				CLANG_WARN_QUOTED_INCLUDE_IN_FRAMEWORK_HEADER = YES;
				CLANG_WARN_RANGE_LOOP_ANALYSIS = YES;
				CLANG_WARN_STRICT_PROTOTYPES = YES;
				CLANG_WARN_SUSPICIOUS_MOVE = YES;
				CLANG_WARN_UNGUARDED_AVAILABILITY = YES_AGGRESSIVE;
				CLANG_WARN_UNREACHABLE_CODE = YES;
				CLANG_WARN__DUPLICATE_METHOD_MATCH = YES;
				COPY_PHASE_STRIP = NO;
				DEBUG_INFORMATION_FORMAT = "dwarf-with-dsym";
				ENABLE_NS_ASSERTIONS = NO;
				ENABLE_STRICT_OBJC_MSGSEND = YES;
				GCC_C_LANGUAGE_STANDARD = gnu11;
				GCC_NO_COMMON_BLOCKS = YES;
				GCC_WARN_64_TO_32_BIT_CONVERSION = YES;
				GCC_WARN_ABOUT_RETURN_TYPE = YES_ERROR;
				GCC_WARN_UNDECLARED_SELECTOR = YES;
				GCC_WARN_UNINITIALIZED_AUTOS = YES_AGGRESSIVE;
				GCC_WARN_UNUSED_FUNCTION = YES;
				GCC_WARN_UNUSED_VARIABLE = YES;
				IPHONEOS_DEPLOYMENT_TARGET = 14.4;
				MTL_ENABLE_DEBUG_INFO = NO;
				MTL_FAST_MATH = YES;
				SDKROOT = iphoneos;
				SWIFT_COMPILATION_MODE = wholemodule;
				SWIFT_OPTIMIZATION_LEVEL = "-O";
				VALIDATE_PRODUCT = YES;
			};
			name = Release;
		};
		75676F03263A89B600569AF5 /* Debug */ = {
			isa = XCBuildConfiguration;
			baseConfigurationReference = 88D1673F9C441F9F62AF3947 /* Pods-MovieReviewMVP.debug.xcconfig */;
			buildSettings = {
				ASSETCATALOG_COMPILER_APPICON_NAME = AppIcon;
				ASSETCATALOG_COMPILER_GLOBAL_ACCENT_COLOR_NAME = AccentColor;
				CODE_SIGN_STYLE = Automatic;
				DEVELOPMENT_TEAM = N53995CJPD;
				INFOPLIST_FILE = MovieReviewMVP/Info.plist;
				LD_RUNPATH_SEARCH_PATHS = (
					"$(inherited)",
					"@executable_path/Frameworks",
				);
				PRODUCT_BUNDLE_IDENTIFIER = com.tatsuo.MovieReviewMVP;
				PRODUCT_NAME = "$(TARGET_NAME)";
				SWIFT_VERSION = 5.0;
				TARGETED_DEVICE_FAMILY = "1,2";
			};
			name = Debug;
		};
		75676F04263A89B600569AF5 /* Release */ = {
			isa = XCBuildConfiguration;
			baseConfigurationReference = B716B9CFF3F68CEE2E27FAE1 /* Pods-MovieReviewMVP.release.xcconfig */;
			buildSettings = {
				ASSETCATALOG_COMPILER_APPICON_NAME = AppIcon;
				ASSETCATALOG_COMPILER_GLOBAL_ACCENT_COLOR_NAME = AccentColor;
				CODE_SIGN_STYLE = Automatic;
				DEVELOPMENT_TEAM = N53995CJPD;
				INFOPLIST_FILE = MovieReviewMVP/Info.plist;
				LD_RUNPATH_SEARCH_PATHS = (
					"$(inherited)",
					"@executable_path/Frameworks",
				);
				PRODUCT_BUNDLE_IDENTIFIER = com.tatsuo.MovieReviewMVP;
				PRODUCT_NAME = "$(TARGET_NAME)";
				SWIFT_VERSION = 5.0;
				TARGETED_DEVICE_FAMILY = "1,2";
			};
			name = Release;
		};
		75676F06263A89B600569AF5 /* Debug */ = {
			isa = XCBuildConfiguration;
			baseConfigurationReference = 851DF11BBDD60E59E84AD1BF /* Pods-MovieReviewMVPTests.debug.xcconfig */;
			buildSettings = {
				ALWAYS_EMBED_SWIFT_STANDARD_LIBRARIES = YES;
				BUNDLE_LOADER = "$(TEST_HOST)";
				CODE_SIGN_STYLE = Automatic;
				DEVELOPMENT_TEAM = N53995CJPD;
				INFOPLIST_FILE = MovieReviewMVPTests/Info.plist;
				IPHONEOS_DEPLOYMENT_TARGET = 14.4;
				LD_RUNPATH_SEARCH_PATHS = (
					"$(inherited)",
					"@executable_path/Frameworks",
					"@loader_path/Frameworks",
				);
				PRODUCT_BUNDLE_IDENTIFIER = com.tatsuo.MovieReviewMVPTests;
				PRODUCT_NAME = "$(TARGET_NAME)";
				SWIFT_VERSION = 5.0;
				TARGETED_DEVICE_FAMILY = "1,2";
				TEST_HOST = "$(BUILT_PRODUCTS_DIR)/MovieReviewMVP.app/MovieReviewMVP";
			};
			name = Debug;
		};
		75676F07263A89B600569AF5 /* Release */ = {
			isa = XCBuildConfiguration;
			baseConfigurationReference = 43E6CC0C0644BB32C559BF33 /* Pods-MovieReviewMVPTests.release.xcconfig */;
			buildSettings = {
				ALWAYS_EMBED_SWIFT_STANDARD_LIBRARIES = YES;
				BUNDLE_LOADER = "$(TEST_HOST)";
				CODE_SIGN_STYLE = Automatic;
				DEVELOPMENT_TEAM = N53995CJPD;
				INFOPLIST_FILE = MovieReviewMVPTests/Info.plist;
				IPHONEOS_DEPLOYMENT_TARGET = 14.4;
				LD_RUNPATH_SEARCH_PATHS = (
					"$(inherited)",
					"@executable_path/Frameworks",
					"@loader_path/Frameworks",
				);
				PRODUCT_BUNDLE_IDENTIFIER = com.tatsuo.MovieReviewMVPTests;
				PRODUCT_NAME = "$(TARGET_NAME)";
				SWIFT_VERSION = 5.0;
				TARGETED_DEVICE_FAMILY = "1,2";
				TEST_HOST = "$(BUILT_PRODUCTS_DIR)/MovieReviewMVP.app/MovieReviewMVP";
			};
			name = Release;
		};
		75676F09263A89B600569AF5 /* Debug */ = {
			isa = XCBuildConfiguration;
			baseConfigurationReference = 4F9D83950B39D20DECEC263C /* Pods-MovieReviewMVP-MovieReviewMVPUITests.debug.xcconfig */;
			buildSettings = {
				ALWAYS_EMBED_SWIFT_STANDARD_LIBRARIES = YES;
				CODE_SIGN_STYLE = Automatic;
				DEVELOPMENT_TEAM = N53995CJPD;
				INFOPLIST_FILE = MovieReviewMVPUITests/Info.plist;
				LD_RUNPATH_SEARCH_PATHS = (
					"$(inherited)",
					"@executable_path/Frameworks",
					"@loader_path/Frameworks",
				);
				PRODUCT_BUNDLE_IDENTIFIER = com.tatsuo.MovieReviewMVPUITests;
				PRODUCT_NAME = "$(TARGET_NAME)";
				SWIFT_VERSION = 5.0;
				TARGETED_DEVICE_FAMILY = "1,2";
				TEST_TARGET_NAME = MovieReviewMVP;
			};
			name = Debug;
		};
		75676F0A263A89B600569AF5 /* Release */ = {
			isa = XCBuildConfiguration;
			baseConfigurationReference = 40D602ABE5667D46CB4AA6EF /* Pods-MovieReviewMVP-MovieReviewMVPUITests.release.xcconfig */;
			buildSettings = {
				ALWAYS_EMBED_SWIFT_STANDARD_LIBRARIES = YES;
				CODE_SIGN_STYLE = Automatic;
				DEVELOPMENT_TEAM = N53995CJPD;
				INFOPLIST_FILE = MovieReviewMVPUITests/Info.plist;
				LD_RUNPATH_SEARCH_PATHS = (
					"$(inherited)",
					"@executable_path/Frameworks",
					"@loader_path/Frameworks",
				);
				PRODUCT_BUNDLE_IDENTIFIER = com.tatsuo.MovieReviewMVPUITests;
				PRODUCT_NAME = "$(TARGET_NAME)";
				SWIFT_VERSION = 5.0;
				TARGETED_DEVICE_FAMILY = "1,2";
				TEST_TARGET_NAME = MovieReviewMVP;
			};
			name = Release;
		};
/* End XCBuildConfiguration section */

/* Begin XCConfigurationList section */
		75676ED3263A89B400569AF5 /* Build configuration list for PBXProject "MovieReviewMVP" */ = {
			isa = XCConfigurationList;
			buildConfigurations = (
				75676F00263A89B600569AF5 /* Debug */,
				75676F01263A89B600569AF5 /* Release */,
			);
			defaultConfigurationIsVisible = 0;
			defaultConfigurationName = Release;
		};
		75676F02263A89B600569AF5 /* Build configuration list for PBXNativeTarget "MovieReviewMVP" */ = {
			isa = XCConfigurationList;
			buildConfigurations = (
				75676F03263A89B600569AF5 /* Debug */,
				75676F04263A89B600569AF5 /* Release */,
			);
			defaultConfigurationIsVisible = 0;
			defaultConfigurationName = Release;
		};
		75676F05263A89B600569AF5 /* Build configuration list for PBXNativeTarget "MovieReviewMVPTests" */ = {
			isa = XCConfigurationList;
			buildConfigurations = (
				75676F06263A89B600569AF5 /* Debug */,
				75676F07263A89B600569AF5 /* Release */,
			);
			defaultConfigurationIsVisible = 0;
			defaultConfigurationName = Release;
		};
		75676F08263A89B600569AF5 /* Build configuration list for PBXNativeTarget "MovieReviewMVPUITests" */ = {
			isa = XCConfigurationList;
			buildConfigurations = (
				75676F09263A89B600569AF5 /* Debug */,
				75676F0A263A89B600569AF5 /* Release */,
			);
			defaultConfigurationIsVisible = 0;
			defaultConfigurationName = Release;
		};
/* End XCConfigurationList section */
	};
	rootObject = 75676ED0263A89B400569AF5 /* Project object */;
}
