// !$*UTF8*$!
{
	archiveVersion = 1;
	classes = {
	};
	objectVersion = 51;
	objects = {

/* Begin PBXBuildFile section */
		4E1BA55B733FACF9812EA001 /* Pods_MovieReviewMVPTests.framework in Frameworks */ = {isa = PBXBuildFile; fileRef = 891AC919EC9E75AE2CFD0298 /* Pods_MovieReviewMVPTests.framework */; };
		74CB71CF7C62EA58BF4AEF13 /* Pods_MovieReviewMVP_MovieReviewMVPUITests.framework in Frameworks */ = {isa = PBXBuildFile; fileRef = ED62613551033BE989C74AAE /* Pods_MovieReviewMVP_MovieReviewMVPUITests.framework */; };
		750B44002685A1A400191E17 /* UIMenu+Ext.swift in Sources */ = {isa = PBXBuildFile; fileRef = 750B43FF2685A1A400191E17 /* UIMenu+Ext.swift */; };
		750B440B2685CF0A00191E17 /* Date.swift in Sources */ = {isa = PBXBuildFile; fileRef = 750B440A2685CF0A00191E17 /* Date.swift */; };
		750B44612687096F00191E17 /* ReviewTextView.swift in Sources */ = {isa = PBXBuildFile; fileRef = 750B44602687096F00191E17 /* ReviewTextView.swift */; };
		750B44B52689C32D00191E17 /* Notification.Name+Ext.swift in Sources */ = {isa = PBXBuildFile; fileRef = 750B44B42689C32D00191E17 /* Notification.Name+Ext.swift */; };
		7518C0D5269C14B300C27C1C /* GoogleService-Info.plist in Resources */ = {isa = PBXBuildFile; fileRef = 7518C0D4269C14B200C27C1C /* GoogleService-Info.plist */; };
		7518C0D6269C14B300C27C1C /* GoogleService-Info.plist in Resources */ = {isa = PBXBuildFile; fileRef = 7518C0D4269C14B200C27C1C /* GoogleService-Info.plist */; };
		7518C0D7269C14B300C27C1C /* GoogleService-Info.plist in Resources */ = {isa = PBXBuildFile; fileRef = 7518C0D4269C14B200C27C1C /* GoogleService-Info.plist */; };
		7518C0D9269C1F3C00C27C1C /* FirebaseDataStore.swift in Sources */ = {isa = PBXBuildFile; fileRef = 7518C0D8269C1F3C00C27C1C /* FirebaseDataStore.swift */; };
		7518C0DB269C2AE000C27C1C /* ReviewUseCase.swift in Sources */ = {isa = PBXBuildFile; fileRef = 7518C0DA269C2AE000C27C1C /* ReviewUseCase.swift */; };
		7518C0DD269C2B9300C27C1C /* ReviewRepository.swift in Sources */ = {isa = PBXBuildFile; fileRef = 7518C0DC269C2B9300C27C1C /* ReviewRepository.swift */; };
		7518C16826A01E3100C27C1C /* ReviewManagement.swift in Sources */ = {isa = PBXBuildFile; fileRef = 7518C16726A01E3100C27C1C /* ReviewManagement.swift */; };
		7518C16A26A17DED00C27C1C /* SelectedReview.swift in Sources */ = {isa = PBXBuildFile; fileRef = 7518C16926A17DED00C27C1C /* SelectedReview.swift */; };
		752478AA268EF14700347972 /* CrewCastCollectionViewCell.swift in Sources */ = {isa = PBXBuildFile; fileRef = 752478A8268EF14700347972 /* CrewCastCollectionViewCell.swift */; };
		752478AB268EF14700347972 /* CrewCastCollectionViewCell.xib in Resources */ = {isa = PBXBuildFile; fileRef = 752478A9268EF14700347972 /* CrewCastCollectionViewCell.xib */; };
		75359213264E61B9004477B3 /* ReviewMovieOwner.swift in Sources */ = {isa = PBXBuildFile; fileRef = 75359212264E61B9004477B3 /* ReviewMovieOwner.swift */; };
		753B2A3F26AA29F800EACFBD /* SettingManagementTableViewCell.swift in Sources */ = {isa = PBXBuildFile; fileRef = 753B2A3D26AA29F800EACFBD /* SettingManagementTableViewCell.swift */; };
		753B2A4026AA29F800EACFBD /* SettingManagementTableViewCell.xib in Resources */ = {isa = PBXBuildFile; fileRef = 753B2A3E26AA29F800EACFBD /* SettingManagementTableViewCell.xib */; };
		753B2A4226AA598C00EACFBD /* SettingManagementHeaderView.swift in Sources */ = {isa = PBXBuildFile; fileRef = 753B2A4126AA598C00EACFBD /* SettingManagementHeaderView.swift */; };
		753B2A4426AA59A200EACFBD /* SettingManagementHeaderView.xib in Resources */ = {isa = PBXBuildFile; fileRef = 753B2A4326AA59A200EACFBD /* SettingManagementHeaderView.xib */; };
		755D71E1264385F5007C0D77 /* ReviewMovie.xib in Resources */ = {isa = PBXBuildFile; fileRef = 755D71E0264385F5007C0D77 /* ReviewMovie.xib */; };
		755D71E626438F2E007C0D77 /* ReviewMovieViewController.swift in Sources */ = {isa = PBXBuildFile; fileRef = 755D71E526438F2E007C0D77 /* ReviewMovieViewController.swift */; };
		75636BE6263B994F00281DB1 /* SearchMovie.storyboard in Resources */ = {isa = PBXBuildFile; fileRef = 75636BE5263B994F00281DB1 /* SearchMovie.storyboard */; };
		75636BFC263C361A00281DB1 /* ReviewMovieModel.swift in Sources */ = {isa = PBXBuildFile; fileRef = 75636BFB263C361A00281DB1 /* ReviewMovieModel.swift */; };
		75636C01263C370800281DB1 /* ReviewMoviePresenter.swift in Sources */ = {isa = PBXBuildFile; fileRef = 75636C00263C370800281DB1 /* ReviewMoviePresenter.swift */; };
		756620E32647B14F00D211EC /* ReviewManagementPresenter.swift in Sources */ = {isa = PBXBuildFile; fileRef = 756620E22647B14F00D211EC /* ReviewManagementPresenter.swift */; };
		756620E82647B15C00D211EC /* ReviewManagementModel.swift in Sources */ = {isa = PBXBuildFile; fileRef = 756620E72647B15C00D211EC /* ReviewManagementModel.swift */; };
		75676EDC263A89B400569AF5 /* AppDelegate.swift in Sources */ = {isa = PBXBuildFile; fileRef = 75676EDB263A89B400569AF5 /* AppDelegate.swift */; };
		75676EDE263A89B400569AF5 /* SceneDelegate.swift in Sources */ = {isa = PBXBuildFile; fileRef = 75676EDD263A89B400569AF5 /* SceneDelegate.swift */; };
		75676EE0263A89B400569AF5 /* SearchMovieViewController.swift in Sources */ = {isa = PBXBuildFile; fileRef = 75676EDF263A89B400569AF5 /* SearchMovieViewController.swift */; };
		75676EE5263A89B500569AF5 /* Assets.xcassets in Resources */ = {isa = PBXBuildFile; fileRef = 75676EE4263A89B500569AF5 /* Assets.xcassets */; };
		75676EE8263A89B500569AF5 /* LaunchScreen.storyboard in Resources */ = {isa = PBXBuildFile; fileRef = 75676EE6263A89B500569AF5 /* LaunchScreen.storyboard */; };
		75676EF3263A89B600569AF5 /* MovieReviewMVPTests.swift in Sources */ = {isa = PBXBuildFile; fileRef = 75676EF2263A89B600569AF5 /* MovieReviewMVPTests.swift */; };
		75676EFE263A89B600569AF5 /* MovieReviewMVPUITests.swift in Sources */ = {isa = PBXBuildFile; fileRef = 75676EFD263A89B600569AF5 /* MovieReviewMVPUITests.swift */; };
		75676F10263A953100569AF5 /* SearchMoviePresenter.swift in Sources */ = {isa = PBXBuildFile; fileRef = 75676F0F263A953100569AF5 /* SearchMoviePresenter.swift */; };
		75676F15263A954000569AF5 /* SearchMovieModel.swift in Sources */ = {isa = PBXBuildFile; fileRef = 75676F14263A954000569AF5 /* SearchMovieModel.swift */; };
		75676F21263A97E300569AF5 /* MovieTableViewCell.swift in Sources */ = {isa = PBXBuildFile; fileRef = 75676F1F263A97E300569AF5 /* MovieTableViewCell.swift */; };
		75676F22263A97E300569AF5 /* MovieTableViewCell.xib in Resources */ = {isa = PBXBuildFile; fileRef = 75676F20263A97E300569AF5 /* MovieTableViewCell.xib */; };
		75676F2B263AA0B900569AF5 /* Movie.swift in Sources */ = {isa = PBXBuildFile; fileRef = 75676F2A263AA0B900569AF5 /* Movie.swift */; };
		75676F33263AA2FA00569AF5 /* TMDB.swift in Sources */ = {isa = PBXBuildFile; fileRef = 75676F32263AA2FA00569AF5 /* TMDB.swift */; };
		75699F10264BAAAA001904C4 /* ReviewMovie.storyboard in Resources */ = {isa = PBXBuildFile; fileRef = 75699F0F264BAAAA001904C4 /* ReviewMovie.storyboard */; };
		75699F3C264BCE28001904C4 /* ReviewManagementCollectionViewCell.swift in Sources */ = {isa = PBXBuildFile; fileRef = 75699F3A264BCE28001904C4 /* ReviewManagementCollectionViewCell.swift */; };
		75699F3D264BCE28001904C4 /* ReviewManagementCollectionViewCell.xib in Resources */ = {isa = PBXBuildFile; fileRef = 75699F3B264BCE28001904C4 /* ReviewManagementCollectionViewCell.xib */; };
		75699F48264BD307001904C4 /* ReviewManagementCollectionViewController.swift in Sources */ = {isa = PBXBuildFile; fileRef = 75699F47264BD307001904C4 /* ReviewManagementCollectionViewController.swift */; };
		7569BAA92679EFEA0058D495 /* StockReviewMovieManagement.storyboard in Resources */ = {isa = PBXBuildFile; fileRef = 7569BAA82679EFEA0058D495 /* StockReviewMovieManagement.storyboard */; };
		7569BAAE2679F0320058D495 /* StockReviewMovieManagementViewController.swift in Sources */ = {isa = PBXBuildFile; fileRef = 7569BAAD2679F0320058D495 /* StockReviewMovieManagementViewController.swift */; };
		7569BAB62679F0530058D495 /* StockReviewMovieManagementPresenter.swift in Sources */ = {isa = PBXBuildFile; fileRef = 7569BAB52679F0530058D495 /* StockReviewMovieManagementPresenter.swift */; };
		7569BABB2679F0610058D495 /* StockReviewMovieManagementModel.swift in Sources */ = {isa = PBXBuildFile; fileRef = 7569BABA2679F0610058D495 /* StockReviewMovieManagementModel.swift */; };
		7569BACA267B40EA0058D495 /* UIColor+Ext.swift in Sources */ = {isa = PBXBuildFile; fileRef = 7569BAC9267B40EA0058D495 /* UIColor+Ext.swift */; };
		756AD27F26832B1200BF5D6A /* UIAlertController+Ext.swift in Sources */ = {isa = PBXBuildFile; fileRef = 756AD27E26832B1200BF5D6A /* UIAlertController+Ext.swift */; };
		756AD28D268469A500BF5D6A /* String+Ext.swift in Sources */ = {isa = PBXBuildFile; fileRef = 756AD28C268469A500BF5D6A /* String+Ext.swift */; };
		756D8FB3267308210026889B /* StockReviewMovieCollectionViewCell.swift in Sources */ = {isa = PBXBuildFile; fileRef = 756D8FB1267308210026889B /* StockReviewMovieCollectionViewCell.swift */; };
		756D8FB4267308210026889B /* StockReviewMovieCollectionViewCell.xib in Resources */ = {isa = PBXBuildFile; fileRef = 756D8FB2267308210026889B /* StockReviewMovieCollectionViewCell.xib */; };
		756DFC8F264CCBF500C6AF07 /* ReviewManagement.storyboard in Resources */ = {isa = PBXBuildFile; fileRef = 756DFC8E264CCBF500C6AF07 /* ReviewManagement.storyboard */; };
		756DFCBB264D5B6900C6AF07 /* State.swift in Sources */ = {isa = PBXBuildFile; fileRef = 756DFCBA264D5B6900C6AF07 /* State.swift */; };
		7570118326CDF5F300716E93 /* OperatingMethod.storyboard in Resources */ = {isa = PBXBuildFile; fileRef = 7570118226CDF5F300716E93 /* OperatingMethod.storyboard */; };
		7570118526CDF60F00716E93 /* OperatingMethodViewController.swift in Sources */ = {isa = PBXBuildFile; fileRef = 7570118426CDF60F00716E93 /* OperatingMethodViewController.swift */; };
		758119EC26C4860D00C4BAA3 /* UserDefaults+Ext.swift in Sources */ = {isa = PBXBuildFile; fileRef = 758119EB26C4860D00C4BAA3 /* UserDefaults+Ext.swift */; };
		75834ADF26A80BE5004AC09C /* SettingManagement.storyboard in Resources */ = {isa = PBXBuildFile; fileRef = 75834ADE26A80BE5004AC09C /* SettingManagement.storyboard */; };
		75834AE126A80D74004AC09C /* SettingManagementViewController.swift in Sources */ = {isa = PBXBuildFile; fileRef = 75834AE026A80D74004AC09C /* SettingManagementViewController.swift */; };
		75834AE326A80D93004AC09C /* SettingManagementPresenter.swift in Sources */ = {isa = PBXBuildFile; fileRef = 75834AE226A80D93004AC09C /* SettingManagementPresenter.swift */; };
		75834AE526A80DA8004AC09C /* SettingManagementModel.swift in Sources */ = {isa = PBXBuildFile; fileRef = 75834AE426A80DA8004AC09C /* SettingManagementModel.swift */; };
		758B059526AD129300DFA33A /* DetailedSetting.storyboard in Resources */ = {isa = PBXBuildFile; fileRef = 758B059426AD129300DFA33A /* DetailedSetting.storyboard */; };
		758B059726AD12C100DFA33A /* DetailedSettingViewController.swift in Sources */ = {isa = PBXBuildFile; fileRef = 758B059626AD12C100DFA33A /* DetailedSettingViewController.swift */; };
		758B059A26AD4DA100DFA33A /* TMDbAttribution.storyboard in Resources */ = {isa = PBXBuildFile; fileRef = 758B059926AD4DA100DFA33A /* TMDbAttribution.storyboard */; };
		758B059C26AD4DBD00DFA33A /* TMDbAttributionViewController.swift in Sources */ = {isa = PBXBuildFile; fileRef = 758B059B26AD4DBD00DFA33A /* TMDbAttributionViewController.swift */; };
		758B059E26AE3B7C00DFA33A /* DetailedSettingPresenter.swift in Sources */ = {isa = PBXBuildFile; fileRef = 758B059D26AE3B7C00DFA33A /* DetailedSettingPresenter.swift */; };
		758B05A026AE3B8A00DFA33A /* DetailedSettingModel.swift in Sources */ = {isa = PBXBuildFile; fileRef = 758B059F26AE3B8A00DFA33A /* DetailedSettingModel.swift */; };
		758B05A426AE459E00DFA33A /* DetailedSettingTableViewCell.swift in Sources */ = {isa = PBXBuildFile; fileRef = 758B05A226AE459E00DFA33A /* DetailedSettingTableViewCell.swift */; };
		758B05A526AE459E00DFA33A /* DetailedSettingTableViewCell.xib in Resources */ = {isa = PBXBuildFile; fileRef = 758B05A326AE459E00DFA33A /* DetailedSettingTableViewCell.xib */; };
		758B05A826AE506B00DFA33A /* DetailedSettingHeaderView.swift in Sources */ = {isa = PBXBuildFile; fileRef = 758B05A726AE506B00DFA33A /* DetailedSettingHeaderView.swift */; };
		758B05AA26AE507B00DFA33A /* DetailedSettingHeaderView.xib in Resources */ = {isa = PBXBuildFile; fileRef = 758B05A926AE507B00DFA33A /* DetailedSettingHeaderView.xib */; };
		758B05AC26AF72FE00DFA33A /* UserLoginState.swift in Sources */ = {isa = PBXBuildFile; fileRef = 758B05AB26AF72FE00DFA33A /* UserLoginState.swift */; };
		758B05AE26AFA12D00DFA33A /* UIView+Ext.swift in Sources */ = {isa = PBXBuildFile; fileRef = 758B05AD26AFA12D00DFA33A /* UIView+Ext.swift */; };
		75AADE932655C452008D360E /* ReviewManagementCellLayout.swift in Sources */ = {isa = PBXBuildFile; fileRef = 75AADE922655C452008D360E /* ReviewManagementCellLayout.swift */; };
		E6FAEA019AE6714C84BCDFDA /* Pods_MovieReviewMVP.framework in Frameworks */ = {isa = PBXBuildFile; fileRef = 96E807F7A5A1FE35BFE3006E /* Pods_MovieReviewMVP.framework */; };
/* End PBXBuildFile section */

/* Begin PBXContainerItemProxy section */
		75676EEF263A89B600569AF5 /* PBXContainerItemProxy */ = {
			isa = PBXContainerItemProxy;
			containerPortal = 75676ED0263A89B400569AF5 /* Project object */;
			proxyType = 1;
			remoteGlobalIDString = 75676ED7263A89B400569AF5;
			remoteInfo = MovieReviewMVP;
		};
		75676EFA263A89B600569AF5 /* PBXContainerItemProxy */ = {
			isa = PBXContainerItemProxy;
			containerPortal = 75676ED0263A89B400569AF5 /* Project object */;
			proxyType = 1;
			remoteGlobalIDString = 75676ED7263A89B400569AF5;
			remoteInfo = MovieReviewMVP;
		};
/* End PBXContainerItemProxy section */

/* Begin PBXFileReference section */
		1DF398B19E4D0E090A645591 /* Pods-MovieReviewMVPTests.debug.xcconfig */ = {isa = PBXFileReference; includeInIndex = 1; lastKnownFileType = text.xcconfig; name = "Pods-MovieReviewMVPTests.debug.xcconfig"; path = "Target Support Files/Pods-MovieReviewMVPTests/Pods-MovieReviewMVPTests.debug.xcconfig"; sourceTree = "<group>"; };
		3C9B031AC8CC9B9B6BEE455F /* Pods-MovieReviewMVPTests.release.xcconfig */ = {isa = PBXFileReference; includeInIndex = 1; lastKnownFileType = text.xcconfig; name = "Pods-MovieReviewMVPTests.release.xcconfig"; path = "Target Support Files/Pods-MovieReviewMVPTests/Pods-MovieReviewMVPTests.release.xcconfig"; sourceTree = "<group>"; };
		43ED69D34B085CB296F4F242 /* Pods-MovieReviewMVP.release.xcconfig */ = {isa = PBXFileReference; includeInIndex = 1; lastKnownFileType = text.xcconfig; name = "Pods-MovieReviewMVP.release.xcconfig"; path = "Target Support Files/Pods-MovieReviewMVP/Pods-MovieReviewMVP.release.xcconfig"; sourceTree = "<group>"; };
		6C71027DFFBE6AC5CB0532B4 /* Pods-MovieReviewMVP.debug.xcconfig */ = {isa = PBXFileReference; includeInIndex = 1; lastKnownFileType = text.xcconfig; name = "Pods-MovieReviewMVP.debug.xcconfig"; path = "Target Support Files/Pods-MovieReviewMVP/Pods-MovieReviewMVP.debug.xcconfig"; sourceTree = "<group>"; };
		750B43FF2685A1A400191E17 /* UIMenu+Ext.swift */ = {isa = PBXFileReference; lastKnownFileType = sourcecode.swift; path = "UIMenu+Ext.swift"; sourceTree = "<group>"; };
		750B440A2685CF0A00191E17 /* Date.swift */ = {isa = PBXFileReference; lastKnownFileType = sourcecode.swift; path = Date.swift; sourceTree = "<group>"; };
		750B44602687096F00191E17 /* ReviewTextView.swift */ = {isa = PBXFileReference; lastKnownFileType = sourcecode.swift; path = ReviewTextView.swift; sourceTree = "<group>"; };
		750B44B42689C32D00191E17 /* Notification.Name+Ext.swift */ = {isa = PBXFileReference; lastKnownFileType = sourcecode.swift; path = "Notification.Name+Ext.swift"; sourceTree = "<group>"; };
		7518C0D4269C14B200C27C1C /* GoogleService-Info.plist */ = {isa = PBXFileReference; fileEncoding = 4; lastKnownFileType = text.plist.xml; path = "GoogleService-Info.plist"; sourceTree = "<group>"; };
		7518C0D8269C1F3C00C27C1C /* FirebaseDataStore.swift */ = {isa = PBXFileReference; lastKnownFileType = sourcecode.swift; path = FirebaseDataStore.swift; sourceTree = "<group>"; };
		7518C0DA269C2AE000C27C1C /* ReviewUseCase.swift */ = {isa = PBXFileReference; lastKnownFileType = sourcecode.swift; path = ReviewUseCase.swift; sourceTree = "<group>"; };
		7518C0DC269C2B9300C27C1C /* ReviewRepository.swift */ = {isa = PBXFileReference; lastKnownFileType = sourcecode.swift; path = ReviewRepository.swift; sourceTree = "<group>"; };
		7518C16726A01E3100C27C1C /* ReviewManagement.swift */ = {isa = PBXFileReference; lastKnownFileType = sourcecode.swift; path = ReviewManagement.swift; sourceTree = "<group>"; };
		7518C16926A17DED00C27C1C /* SelectedReview.swift */ = {isa = PBXFileReference; lastKnownFileType = sourcecode.swift; path = SelectedReview.swift; sourceTree = "<group>"; };
		752478A8268EF14700347972 /* CrewCastCollectionViewCell.swift */ = {isa = PBXFileReference; lastKnownFileType = sourcecode.swift; path = CrewCastCollectionViewCell.swift; sourceTree = "<group>"; };
		752478A9268EF14700347972 /* CrewCastCollectionViewCell.xib */ = {isa = PBXFileReference; lastKnownFileType = file.xib; path = CrewCastCollectionViewCell.xib; sourceTree = "<group>"; };
		75359212264E61B9004477B3 /* ReviewMovieOwner.swift */ = {isa = PBXFileReference; lastKnownFileType = sourcecode.swift; path = ReviewMovieOwner.swift; sourceTree = "<group>"; };
		753B2A3D26AA29F800EACFBD /* SettingManagementTableViewCell.swift */ = {isa = PBXFileReference; lastKnownFileType = sourcecode.swift; path = SettingManagementTableViewCell.swift; sourceTree = "<group>"; };
		753B2A3E26AA29F800EACFBD /* SettingManagementTableViewCell.xib */ = {isa = PBXFileReference; lastKnownFileType = file.xib; path = SettingManagementTableViewCell.xib; sourceTree = "<group>"; };
		753B2A4126AA598C00EACFBD /* SettingManagementHeaderView.swift */ = {isa = PBXFileReference; lastKnownFileType = sourcecode.swift; path = SettingManagementHeaderView.swift; sourceTree = "<group>"; };
		753B2A4326AA59A200EACFBD /* SettingManagementHeaderView.xib */ = {isa = PBXFileReference; lastKnownFileType = file.xib; path = SettingManagementHeaderView.xib; sourceTree = "<group>"; };
		755D71E0264385F5007C0D77 /* ReviewMovie.xib */ = {isa = PBXFileReference; lastKnownFileType = file.xib; path = ReviewMovie.xib; sourceTree = "<group>"; };
		755D71E526438F2E007C0D77 /* ReviewMovieViewController.swift */ = {isa = PBXFileReference; lastKnownFileType = sourcecode.swift; path = ReviewMovieViewController.swift; sourceTree = "<group>"; };
		75636BE5263B994F00281DB1 /* SearchMovie.storyboard */ = {isa = PBXFileReference; lastKnownFileType = file.storyboard; path = SearchMovie.storyboard; sourceTree = "<group>"; };
		75636BFB263C361A00281DB1 /* ReviewMovieModel.swift */ = {isa = PBXFileReference; lastKnownFileType = sourcecode.swift; path = ReviewMovieModel.swift; sourceTree = "<group>"; };
		75636C00263C370800281DB1 /* ReviewMoviePresenter.swift */ = {isa = PBXFileReference; lastKnownFileType = sourcecode.swift; path = ReviewMoviePresenter.swift; sourceTree = "<group>"; };
		756620E22647B14F00D211EC /* ReviewManagementPresenter.swift */ = {isa = PBXFileReference; lastKnownFileType = sourcecode.swift; path = ReviewManagementPresenter.swift; sourceTree = "<group>"; };
		756620E72647B15C00D211EC /* ReviewManagementModel.swift */ = {isa = PBXFileReference; lastKnownFileType = sourcecode.swift; path = ReviewManagementModel.swift; sourceTree = "<group>"; };
		75676ED8263A89B400569AF5 /* MovieReviewMVP.app */ = {isa = PBXFileReference; explicitFileType = wrapper.application; includeInIndex = 0; path = MovieReviewMVP.app; sourceTree = BUILT_PRODUCTS_DIR; };
		75676EDB263A89B400569AF5 /* AppDelegate.swift */ = {isa = PBXFileReference; lastKnownFileType = sourcecode.swift; path = AppDelegate.swift; sourceTree = "<group>"; };
		75676EDD263A89B400569AF5 /* SceneDelegate.swift */ = {isa = PBXFileReference; lastKnownFileType = sourcecode.swift; path = SceneDelegate.swift; sourceTree = "<group>"; };
		75676EDF263A89B400569AF5 /* SearchMovieViewController.swift */ = {isa = PBXFileReference; lastKnownFileType = sourcecode.swift; path = SearchMovieViewController.swift; sourceTree = "<group>"; };
		75676EE4263A89B500569AF5 /* Assets.xcassets */ = {isa = PBXFileReference; lastKnownFileType = folder.assetcatalog; path = Assets.xcassets; sourceTree = "<group>"; };
		75676EE7263A89B500569AF5 /* Base */ = {isa = PBXFileReference; lastKnownFileType = file.storyboard; name = Base; path = Base.lproj/LaunchScreen.storyboard; sourceTree = "<group>"; };
		75676EE9263A89B500569AF5 /* Info.plist */ = {isa = PBXFileReference; lastKnownFileType = text.plist.xml; path = Info.plist; sourceTree = "<group>"; };
		75676EEE263A89B600569AF5 /* MovieReviewMVPTests.xctest */ = {isa = PBXFileReference; explicitFileType = wrapper.cfbundle; includeInIndex = 0; path = MovieReviewMVPTests.xctest; sourceTree = BUILT_PRODUCTS_DIR; };
		75676EF2263A89B600569AF5 /* MovieReviewMVPTests.swift */ = {isa = PBXFileReference; lastKnownFileType = sourcecode.swift; path = MovieReviewMVPTests.swift; sourceTree = "<group>"; };
		75676EF4263A89B600569AF5 /* Info.plist */ = {isa = PBXFileReference; lastKnownFileType = text.plist.xml; path = Info.plist; sourceTree = "<group>"; };
		75676EF9263A89B600569AF5 /* MovieReviewMVPUITests.xctest */ = {isa = PBXFileReference; explicitFileType = wrapper.cfbundle; includeInIndex = 0; path = MovieReviewMVPUITests.xctest; sourceTree = BUILT_PRODUCTS_DIR; };
		75676EFD263A89B600569AF5 /* MovieReviewMVPUITests.swift */ = {isa = PBXFileReference; lastKnownFileType = sourcecode.swift; path = MovieReviewMVPUITests.swift; sourceTree = "<group>"; };
		75676EFF263A89B600569AF5 /* Info.plist */ = {isa = PBXFileReference; lastKnownFileType = text.plist.xml; path = Info.plist; sourceTree = "<group>"; };
		75676F0F263A953100569AF5 /* SearchMoviePresenter.swift */ = {isa = PBXFileReference; lastKnownFileType = sourcecode.swift; path = SearchMoviePresenter.swift; sourceTree = "<group>"; };
		75676F14263A954000569AF5 /* SearchMovieModel.swift */ = {isa = PBXFileReference; lastKnownFileType = sourcecode.swift; path = SearchMovieModel.swift; sourceTree = "<group>"; };
		75676F1F263A97E300569AF5 /* MovieTableViewCell.swift */ = {isa = PBXFileReference; lastKnownFileType = sourcecode.swift; path = MovieTableViewCell.swift; sourceTree = "<group>"; };
		75676F20263A97E300569AF5 /* MovieTableViewCell.xib */ = {isa = PBXFileReference; lastKnownFileType = file.xib; path = MovieTableViewCell.xib; sourceTree = "<group>"; };
		75676F2A263AA0B900569AF5 /* Movie.swift */ = {isa = PBXFileReference; lastKnownFileType = sourcecode.swift; path = Movie.swift; sourceTree = "<group>"; };
		75676F32263AA2FA00569AF5 /* TMDB.swift */ = {isa = PBXFileReference; lastKnownFileType = sourcecode.swift; path = TMDB.swift; sourceTree = "<group>"; };
		7567D58926B3F9EF006DA25A /* MovieReviewMVP.entitlements */ = {isa = PBXFileReference; lastKnownFileType = text.plist.entitlements; path = MovieReviewMVP.entitlements; sourceTree = "<group>"; };
		75699F0F264BAAAA001904C4 /* ReviewMovie.storyboard */ = {isa = PBXFileReference; lastKnownFileType = file.storyboard; path = ReviewMovie.storyboard; sourceTree = "<group>"; };
		75699F3A264BCE28001904C4 /* ReviewManagementCollectionViewCell.swift */ = {isa = PBXFileReference; lastKnownFileType = sourcecode.swift; path = ReviewManagementCollectionViewCell.swift; sourceTree = "<group>"; };
		75699F3B264BCE28001904C4 /* ReviewManagementCollectionViewCell.xib */ = {isa = PBXFileReference; lastKnownFileType = file.xib; path = ReviewManagementCollectionViewCell.xib; sourceTree = "<group>"; };
		75699F47264BD307001904C4 /* ReviewManagementCollectionViewController.swift */ = {isa = PBXFileReference; lastKnownFileType = sourcecode.swift; path = ReviewManagementCollectionViewController.swift; sourceTree = "<group>"; };
		7569BAA82679EFEA0058D495 /* StockReviewMovieManagement.storyboard */ = {isa = PBXFileReference; fileEncoding = 4; lastKnownFileType = file.storyboard; name = StockReviewMovieManagement.storyboard; path = MovieReviewMVP/StockReviewMovieManagement/StockReviewMovieManagement.storyboard; sourceTree = SOURCE_ROOT; };
		7569BAAD2679F0320058D495 /* StockReviewMovieManagementViewController.swift */ = {isa = PBXFileReference; lastKnownFileType = sourcecode.swift; path = StockReviewMovieManagementViewController.swift; sourceTree = "<group>"; };
		7569BAB52679F0530058D495 /* StockReviewMovieManagementPresenter.swift */ = {isa = PBXFileReference; lastKnownFileType = sourcecode.swift; path = StockReviewMovieManagementPresenter.swift; sourceTree = "<group>"; };
		7569BABA2679F0610058D495 /* StockReviewMovieManagementModel.swift */ = {isa = PBXFileReference; lastKnownFileType = sourcecode.swift; path = StockReviewMovieManagementModel.swift; sourceTree = "<group>"; };
		7569BAC9267B40EA0058D495 /* UIColor+Ext.swift */ = {isa = PBXFileReference; lastKnownFileType = sourcecode.swift; path = "UIColor+Ext.swift"; sourceTree = "<group>"; };
		756AD27E26832B1200BF5D6A /* UIAlertController+Ext.swift */ = {isa = PBXFileReference; lastKnownFileType = sourcecode.swift; path = "UIAlertController+Ext.swift"; sourceTree = "<group>"; };
		756AD28C268469A500BF5D6A /* String+Ext.swift */ = {isa = PBXFileReference; lastKnownFileType = sourcecode.swift; path = "String+Ext.swift"; sourceTree = "<group>"; };
		756D8FB1267308210026889B /* StockReviewMovieCollectionViewCell.swift */ = {isa = PBXFileReference; lastKnownFileType = sourcecode.swift; path = StockReviewMovieCollectionViewCell.swift; sourceTree = "<group>"; };
		756D8FB2267308210026889B /* StockReviewMovieCollectionViewCell.xib */ = {isa = PBXFileReference; lastKnownFileType = file.xib; path = StockReviewMovieCollectionViewCell.xib; sourceTree = "<group>"; };
		756DFC8E264CCBF500C6AF07 /* ReviewManagement.storyboard */ = {isa = PBXFileReference; fileEncoding = 4; lastKnownFileType = file.storyboard; name = ReviewManagement.storyboard; path = MovieReviewMVP/ReviewManagement/ReviewManagement.storyboard; sourceTree = SOURCE_ROOT; };
		756DFCBA264D5B6900C6AF07 /* State.swift */ = {isa = PBXFileReference; lastKnownFileType = sourcecode.swift; path = State.swift; sourceTree = "<group>"; };
		7570118226CDF5F300716E93 /* OperatingMethod.storyboard */ = {isa = PBXFileReference; lastKnownFileType = file.storyboard; path = OperatingMethod.storyboard; sourceTree = "<group>"; };
		7570118426CDF60F00716E93 /* OperatingMethodViewController.swift */ = {isa = PBXFileReference; lastKnownFileType = sourcecode.swift; path = OperatingMethodViewController.swift; sourceTree = "<group>"; };
		758119EB26C4860D00C4BAA3 /* UserDefaults+Ext.swift */ = {isa = PBXFileReference; lastKnownFileType = sourcecode.swift; path = "UserDefaults+Ext.swift"; sourceTree = "<group>"; };
		75834ADE26A80BE5004AC09C /* SettingManagement.storyboard */ = {isa = PBXFileReference; fileEncoding = 4; lastKnownFileType = file.storyboard; path = SettingManagement.storyboard; sourceTree = "<group>"; };
		75834AE026A80D74004AC09C /* SettingManagementViewController.swift */ = {isa = PBXFileReference; lastKnownFileType = sourcecode.swift; path = SettingManagementViewController.swift; sourceTree = "<group>"; };
		75834AE226A80D93004AC09C /* SettingManagementPresenter.swift */ = {isa = PBXFileReference; lastKnownFileType = sourcecode.swift; path = SettingManagementPresenter.swift; sourceTree = "<group>"; };
		75834AE426A80DA8004AC09C /* SettingManagementModel.swift */ = {isa = PBXFileReference; lastKnownFileType = sourcecode.swift; path = SettingManagementModel.swift; sourceTree = "<group>"; };
		758B059426AD129300DFA33A /* DetailedSetting.storyboard */ = {isa = PBXFileReference; fileEncoding = 4; lastKnownFileType = file.storyboard; path = DetailedSetting.storyboard; sourceTree = "<group>"; };
		758B059626AD12C100DFA33A /* DetailedSettingViewController.swift */ = {isa = PBXFileReference; lastKnownFileType = sourcecode.swift; path = DetailedSettingViewController.swift; sourceTree = "<group>"; };
		758B059926AD4DA100DFA33A /* TMDbAttribution.storyboard */ = {isa = PBXFileReference; lastKnownFileType = file.storyboard; path = TMDbAttribution.storyboard; sourceTree = "<group>"; };
		758B059B26AD4DBD00DFA33A /* TMDbAttributionViewController.swift */ = {isa = PBXFileReference; lastKnownFileType = sourcecode.swift; path = TMDbAttributionViewController.swift; sourceTree = "<group>"; };
		758B059D26AE3B7C00DFA33A /* DetailedSettingPresenter.swift */ = {isa = PBXFileReference; lastKnownFileType = sourcecode.swift; path = DetailedSettingPresenter.swift; sourceTree = "<group>"; };
		758B059F26AE3B8A00DFA33A /* DetailedSettingModel.swift */ = {isa = PBXFileReference; lastKnownFileType = sourcecode.swift; path = DetailedSettingModel.swift; sourceTree = "<group>"; };
		758B05A226AE459E00DFA33A /* DetailedSettingTableViewCell.swift */ = {isa = PBXFileReference; lastKnownFileType = sourcecode.swift; path = DetailedSettingTableViewCell.swift; sourceTree = "<group>"; };
		758B05A326AE459E00DFA33A /* DetailedSettingTableViewCell.xib */ = {isa = PBXFileReference; lastKnownFileType = file.xib; path = DetailedSettingTableViewCell.xib; sourceTree = "<group>"; };
		758B05A726AE506B00DFA33A /* DetailedSettingHeaderView.swift */ = {isa = PBXFileReference; lastKnownFileType = sourcecode.swift; path = DetailedSettingHeaderView.swift; sourceTree = "<group>"; };
		758B05A926AE507B00DFA33A /* DetailedSettingHeaderView.xib */ = {isa = PBXFileReference; lastKnownFileType = file.xib; path = DetailedSettingHeaderView.xib; sourceTree = "<group>"; };
		758B05AB26AF72FE00DFA33A /* UserLoginState.swift */ = {isa = PBXFileReference; lastKnownFileType = sourcecode.swift; path = UserLoginState.swift; sourceTree = "<group>"; };
		758B05AD26AFA12D00DFA33A /* UIView+Ext.swift */ = {isa = PBXFileReference; lastKnownFileType = sourcecode.swift; path = "UIView+Ext.swift"; sourceTree = "<group>"; };
		75AADE922655C452008D360E /* ReviewManagementCellLayout.swift */ = {isa = PBXFileReference; lastKnownFileType = sourcecode.swift; path = ReviewManagementCellLayout.swift; sourceTree = "<group>"; };
		84C36157DE6D00C027771D5C /* Pods-MovieReviewMVP-MovieReviewMVPUITests.release.xcconfig */ = {isa = PBXFileReference; includeInIndex = 1; lastKnownFileType = text.xcconfig; name = "Pods-MovieReviewMVP-MovieReviewMVPUITests.release.xcconfig"; path = "Target Support Files/Pods-MovieReviewMVP-MovieReviewMVPUITests/Pods-MovieReviewMVP-MovieReviewMVPUITests.release.xcconfig"; sourceTree = "<group>"; };
		891AC919EC9E75AE2CFD0298 /* Pods_MovieReviewMVPTests.framework */ = {isa = PBXFileReference; explicitFileType = wrapper.framework; includeInIndex = 0; path = Pods_MovieReviewMVPTests.framework; sourceTree = BUILT_PRODUCTS_DIR; };
		96E807F7A5A1FE35BFE3006E /* Pods_MovieReviewMVP.framework */ = {isa = PBXFileReference; explicitFileType = wrapper.framework; includeInIndex = 0; path = Pods_MovieReviewMVP.framework; sourceTree = BUILT_PRODUCTS_DIR; };
		ED62613551033BE989C74AAE /* Pods_MovieReviewMVP_MovieReviewMVPUITests.framework */ = {isa = PBXFileReference; explicitFileType = wrapper.framework; includeInIndex = 0; path = Pods_MovieReviewMVP_MovieReviewMVPUITests.framework; sourceTree = BUILT_PRODUCTS_DIR; };
		FEA14AB2C4AC653B81713FE7 /* Pods-MovieReviewMVP-MovieReviewMVPUITests.debug.xcconfig */ = {isa = PBXFileReference; includeInIndex = 1; lastKnownFileType = text.xcconfig; name = "Pods-MovieReviewMVP-MovieReviewMVPUITests.debug.xcconfig"; path = "Target Support Files/Pods-MovieReviewMVP-MovieReviewMVPUITests/Pods-MovieReviewMVP-MovieReviewMVPUITests.debug.xcconfig"; sourceTree = "<group>"; };
/* End PBXFileReference section */

/* Begin PBXFrameworksBuildPhase section */
		75676ED5263A89B400569AF5 /* Frameworks */ = {
			isa = PBXFrameworksBuildPhase;
			buildActionMask = 2147483647;
			files = (
				E6FAEA019AE6714C84BCDFDA /* Pods_MovieReviewMVP.framework in Frameworks */,
			);
			runOnlyForDeploymentPostprocessing = 0;
		};
		75676EEB263A89B600569AF5 /* Frameworks */ = {
			isa = PBXFrameworksBuildPhase;
			buildActionMask = 2147483647;
			files = (
				4E1BA55B733FACF9812EA001 /* Pods_MovieReviewMVPTests.framework in Frameworks */,
			);
			runOnlyForDeploymentPostprocessing = 0;
		};
		75676EF6263A89B600569AF5 /* Frameworks */ = {
			isa = PBXFrameworksBuildPhase;
			buildActionMask = 2147483647;
			files = (
				74CB71CF7C62EA58BF4AEF13 /* Pods_MovieReviewMVP_MovieReviewMVPUITests.framework in Frameworks */,
			);
			runOnlyForDeploymentPostprocessing = 0;
		};
/* End PBXFrameworksBuildPhase section */

/* Begin PBXGroup section */
		0BEEA39556EF93F6F49D560A /* Pods */ = {
			isa = PBXGroup;
			children = (
				6C71027DFFBE6AC5CB0532B4 /* Pods-MovieReviewMVP.debug.xcconfig */,
				43ED69D34B085CB296F4F242 /* Pods-MovieReviewMVP.release.xcconfig */,
				FEA14AB2C4AC653B81713FE7 /* Pods-MovieReviewMVP-MovieReviewMVPUITests.debug.xcconfig */,
				84C36157DE6D00C027771D5C /* Pods-MovieReviewMVP-MovieReviewMVPUITests.release.xcconfig */,
				1DF398B19E4D0E090A645591 /* Pods-MovieReviewMVPTests.debug.xcconfig */,
				3C9B031AC8CC9B9B6BEE455F /* Pods-MovieReviewMVPTests.release.xcconfig */,
			);
			path = Pods;
			sourceTree = "<group>";
		};
		5310CFDCEAA3EC41AB508FE4 /* Frameworks */ = {
			isa = PBXGroup;
			children = (
				96E807F7A5A1FE35BFE3006E /* Pods_MovieReviewMVP.framework */,
				ED62613551033BE989C74AAE /* Pods_MovieReviewMVP_MovieReviewMVPUITests.framework */,
				891AC919EC9E75AE2CFD0298 /* Pods_MovieReviewMVPTests.framework */,
			);
			name = Frameworks;
			sourceTree = "<group>";
		};
		753B2A3C26AA298200EACFBD /* Cell */ = {
			isa = PBXGroup;
			children = (
				753B2A3D26AA29F800EACFBD /* SettingManagementTableViewCell.swift */,
				753B2A3E26AA29F800EACFBD /* SettingManagementTableViewCell.xib */,
				753B2A4126AA598C00EACFBD /* SettingManagementHeaderView.swift */,
				753B2A4326AA59A200EACFBD /* SettingManagementHeaderView.xib */,
			);
			path = Cell;
			sourceTree = "<group>";
		};
		75636BED263C004400281DB1 /* ReviewMovie */ = {
			isa = PBXGroup;
			children = (
				75699F0F264BAAAA001904C4 /* ReviewMovie.storyboard */,
				75636BFB263C361A00281DB1 /* ReviewMovieModel.swift */,
				75636C00263C370800281DB1 /* ReviewMoviePresenter.swift */,
				755D71E526438F2E007C0D77 /* ReviewMovieViewController.swift */,
			);
			path = ReviewMovie;
			sourceTree = "<group>";
		};
		756620D72647AF8700D211EC /* ReviewManagement */ = {
			isa = PBXGroup;
			children = (
				756DFC8E264CCBF500C6AF07 /* ReviewManagement.storyboard */,
				756620E72647B15C00D211EC /* ReviewManagementModel.swift */,
				756620E22647B14F00D211EC /* ReviewManagementPresenter.swift */,
				75699F47264BD307001904C4 /* ReviewManagementCollectionViewController.swift */,
			);
			path = ReviewManagement;
			sourceTree = "<group>";
		};
		75676ECF263A89B400569AF5 = {
			isa = PBXGroup;
			children = (
				75676EDA263A89B400569AF5 /* MovieReviewMVP */,
				75676EF1263A89B600569AF5 /* MovieReviewMVPTests */,
				75676EFC263A89B600569AF5 /* MovieReviewMVPUITests */,
				75676ED9263A89B400569AF5 /* Products */,
				0BEEA39556EF93F6F49D560A /* Pods */,
				5310CFDCEAA3EC41AB508FE4 /* Frameworks */,
			);
			sourceTree = "<group>";
		};
		75676ED9263A89B400569AF5 /* Products */ = {
			isa = PBXGroup;
			children = (
				75676ED8263A89B400569AF5 /* MovieReviewMVP.app */,
				75676EEE263A89B600569AF5 /* MovieReviewMVPTests.xctest */,
				75676EF9263A89B600569AF5 /* MovieReviewMVPUITests.xctest */,
			);
			name = Products;
			sourceTree = "<group>";
		};
		75676EDA263A89B400569AF5 /* MovieReviewMVP */ = {
			isa = PBXGroup;
			children = (
				7567D58926B3F9EF006DA25A /* MovieReviewMVP.entitlements */,
				758B05AB26AF72FE00DFA33A /* UserLoginState.swift */,
				7518C16726A01E3100C27C1C /* ReviewManagement.swift */,
				7518C16926A17DED00C27C1C /* SelectedReview.swift */,
				750B44602687096F00191E17 /* ReviewTextView.swift */,
				750B440A2685CF0A00191E17 /* Date.swift */,
				75676EDB263A89B400569AF5 /* AppDelegate.swift */,
				75676EDD263A89B400569AF5 /* SceneDelegate.swift */,
				75676EE4263A89B500569AF5 /* Assets.xcassets */,
				75676EE6263A89B500569AF5 /* LaunchScreen.storyboard */,
				75676EE9263A89B500569AF5 /* Info.plist */,
				7518C0D4269C14B200C27C1C /* GoogleService-Info.plist */,
				7569BAC8267B40B20058D495 /* Extension */,
				756DFCB9264D5B5500C6AF07 /* State */,
				75676F29263AA0A200569AF5 /* Domain */,
				75699F1F264BC363001904C4 /* Cells */,
				758B059326AD11ED00DFA33A /* DetailedSetting */,
				758B059826AD4D5000DFA33A /* TMDbAttribution */,
				75834ADD26A80A35004AC09C /* SettingManagement */,
				7569BAA42679EE930058D495 /* StockReviewMovieManagement */,
				756620D72647AF8700D211EC /* ReviewManagement */,
				75676F0E263A94BB00569AF5 /* SearchMovie */,
				75636BED263C004400281DB1 /* ReviewMovie */,
			);
			path = MovieReviewMVP;
			sourceTree = "<group>";
		};
		75676EF1263A89B600569AF5 /* MovieReviewMVPTests */ = {
			isa = PBXGroup;
			children = (
				75676EF2263A89B600569AF5 /* MovieReviewMVPTests.swift */,
				75676EF4263A89B600569AF5 /* Info.plist */,
			);
			path = MovieReviewMVPTests;
			sourceTree = "<group>";
		};
		75676EFC263A89B600569AF5 /* MovieReviewMVPUITests */ = {
			isa = PBXGroup;
			children = (
				75676EFD263A89B600569AF5 /* MovieReviewMVPUITests.swift */,
				75676EFF263A89B600569AF5 /* Info.plist */,
			);
			path = MovieReviewMVPUITests;
			sourceTree = "<group>";
		};
		75676F0E263A94BB00569AF5 /* SearchMovie */ = {
			isa = PBXGroup;
			children = (
				75636BE5263B994F00281DB1 /* SearchMovie.storyboard */,
				75676F14263A954000569AF5 /* SearchMovieModel.swift */,
				75676F0F263A953100569AF5 /* SearchMoviePresenter.swift */,
				75676EDF263A89B400569AF5 /* SearchMovieViewController.swift */,
			);
			path = SearchMovie;
			sourceTree = "<group>";
		};
		75676F29263AA0A200569AF5 /* Domain */ = {
			isa = PBXGroup;
			children = (
				75676F32263AA2FA00569AF5 /* TMDB.swift */,
				75676F2A263AA0B900569AF5 /* Movie.swift */,
				756DFCB3264D0DBD00C6AF07 /* Repositories */,
				756DFCB2264D0DB100C6AF07 /* UseCases */,
				756DFCB1264D0D9F00C6AF07 /* DataStores */,
			);
			path = Domain;
			sourceTree = "<group>";
		};
		75699F1F264BC363001904C4 /* Cells */ = {
			isa = PBXGroup;
			children = (
				75699F3A264BCE28001904C4 /* ReviewManagementCollectionViewCell.swift */,
				75AADE922655C452008D360E /* ReviewManagementCellLayout.swift */,
				75676F1F263A97E300569AF5 /* MovieTableViewCell.swift */,
				75359212264E61B9004477B3 /* ReviewMovieOwner.swift */,
				756D8FB1267308210026889B /* StockReviewMovieCollectionViewCell.swift */,
				752478A8268EF14700347972 /* CrewCastCollectionViewCell.swift */,
				75699F23264BC386001904C4 /* Xib */,
			);
			path = Cells;
			sourceTree = "<group>";
		};
		75699F23264BC386001904C4 /* Xib */ = {
			isa = PBXGroup;
			children = (
				75699F3B264BCE28001904C4 /* ReviewManagementCollectionViewCell.xib */,
				75676F20263A97E300569AF5 /* MovieTableViewCell.xib */,
				755D71E0264385F5007C0D77 /* ReviewMovie.xib */,
				756D8FB2267308210026889B /* StockReviewMovieCollectionViewCell.xib */,
				752478A9268EF14700347972 /* CrewCastCollectionViewCell.xib */,
			);
			path = Xib;
			sourceTree = "<group>";
		};
		7569BAA42679EE930058D495 /* StockReviewMovieManagement */ = {
			isa = PBXGroup;
			children = (
				7569BAA82679EFEA0058D495 /* StockReviewMovieManagement.storyboard */,
				7569BABA2679F0610058D495 /* StockReviewMovieManagementModel.swift */,
				7569BAB52679F0530058D495 /* StockReviewMovieManagementPresenter.swift */,
				7569BAAD2679F0320058D495 /* StockReviewMovieManagementViewController.swift */,
			);
			path = StockReviewMovieManagement;
			sourceTree = "<group>";
		};
		7569BAC8267B40B20058D495 /* Extension */ = {
			isa = PBXGroup;
			children = (
				7569BAC9267B40EA0058D495 /* UIColor+Ext.swift */,
				756AD27E26832B1200BF5D6A /* UIAlertController+Ext.swift */,
				756AD28C268469A500BF5D6A /* String+Ext.swift */,
				750B43FF2685A1A400191E17 /* UIMenu+Ext.swift */,
				750B44B42689C32D00191E17 /* Notification.Name+Ext.swift */,
				758B05AD26AFA12D00DFA33A /* UIView+Ext.swift */,
				758119EB26C4860D00C4BAA3 /* UserDefaults+Ext.swift */,
			);
			path = Extension;
			sourceTree = "<group>";
		};
		756DFCB1264D0D9F00C6AF07 /* DataStores */ = {
			isa = PBXGroup;
			children = (
				7518C0D8269C1F3C00C27C1C /* FirebaseDataStore.swift */,
			);
			path = DataStores;
			sourceTree = "<group>";
		};
		756DFCB2264D0DB100C6AF07 /* UseCases */ = {
			isa = PBXGroup;
			children = (
				7518C0DA269C2AE000C27C1C /* ReviewUseCase.swift */,
			);
			path = UseCases;
			sourceTree = "<group>";
		};
		756DFCB3264D0DBD00C6AF07 /* Repositories */ = {
			isa = PBXGroup;
			children = (
				7518C0DC269C2B9300C27C1C /* ReviewRepository.swift */,
			);
			path = Repositories;
			sourceTree = "<group>";
		};
		756DFCB9264D5B5500C6AF07 /* State */ = {
			isa = PBXGroup;
			children = (
				756DFCBA264D5B6900C6AF07 /* State.swift */,
			);
			path = State;
			sourceTree = "<group>";
		};
		7570118126CDF5CC00716E93 /* OperatingMethod */ = {
			isa = PBXGroup;
			children = (
				7570118226CDF5F300716E93 /* OperatingMethod.storyboard */,
				7570118426CDF60F00716E93 /* OperatingMethodViewController.swift */,
			);
			path = OperatingMethod;
			sourceTree = "<group>";
		};
		75834ADD26A80A35004AC09C /* SettingManagement */ = {
			isa = PBXGroup;
			children = (
				7570118126CDF5CC00716E93 /* OperatingMethod */,
				75834ADE26A80BE5004AC09C /* SettingManagement.storyboard */,
				75834AE426A80DA8004AC09C /* SettingManagementModel.swift */,
				75834AE226A80D93004AC09C /* SettingManagementPresenter.swift */,
				75834AE026A80D74004AC09C /* SettingManagementViewController.swift */,
				753B2A3C26AA298200EACFBD /* Cell */,
			);
			path = SettingManagement;
			sourceTree = "<group>";
		};
		758B059326AD11ED00DFA33A /* DetailedSetting */ = {
			isa = PBXGroup;
			children = (
				758B059426AD129300DFA33A /* DetailedSetting.storyboard */,
				758B059F26AE3B8A00DFA33A /* DetailedSettingModel.swift */,
				758B059D26AE3B7C00DFA33A /* DetailedSettingPresenter.swift */,
				758B059626AD12C100DFA33A /* DetailedSettingViewController.swift */,
				758B05A626AE500100DFA33A /* Header */,
				758B05A126AE457C00DFA33A /* Cell */,
			);
			path = DetailedSetting;
			sourceTree = "<group>";
		};
		758B059826AD4D5000DFA33A /* TMDbAttribution */ = {
			isa = PBXGroup;
			children = (
				758B059926AD4DA100DFA33A /* TMDbAttribution.storyboard */,
				758B059B26AD4DBD00DFA33A /* TMDbAttributionViewController.swift */,
			);
			path = TMDbAttribution;
			sourceTree = "<group>";
		};
		758B05A126AE457C00DFA33A /* Cell */ = {
			isa = PBXGroup;
			children = (
				758B05A226AE459E00DFA33A /* DetailedSettingTableViewCell.swift */,
				758B05A326AE459E00DFA33A /* DetailedSettingTableViewCell.xib */,
			);
			path = Cell;
			sourceTree = "<group>";
		};
		758B05A626AE500100DFA33A /* Header */ = {
			isa = PBXGroup;
			children = (
				758B05A726AE506B00DFA33A /* DetailedSettingHeaderView.swift */,
				758B05A926AE507B00DFA33A /* DetailedSettingHeaderView.xib */,
			);
			path = Header;
			sourceTree = "<group>";
		};
/* End PBXGroup section */

/* Begin PBXNativeTarget section */
		75676ED7263A89B400569AF5 /* MovieReviewMVP */ = {
			isa = PBXNativeTarget;
			buildConfigurationList = 75676F02263A89B600569AF5 /* Build configuration list for PBXNativeTarget "MovieReviewMVP" */;
			buildPhases = (
				3AECFCEAE103AB1B5CC50C28 /* [CP] Check Pods Manifest.lock */,
				75676ED4263A89B400569AF5 /* Sources */,
				75676ED5263A89B400569AF5 /* Frameworks */,
				75676ED6263A89B400569AF5 /* Resources */,
				81F1DE2988EEA7557FCBFED0 /* [CP] Embed Pods Frameworks */,
				EE7F430627410D993C8B7806 /* [CP] Copy Pods Resources */,
			);
			buildRules = (
			);
			dependencies = (
			);
			name = MovieReviewMVP;
			productName = MovieReviewMVP;
			productReference = 75676ED8263A89B400569AF5 /* MovieReviewMVP.app */;
			productType = "com.apple.product-type.application";
		};
		75676EED263A89B600569AF5 /* MovieReviewMVPTests */ = {
			isa = PBXNativeTarget;
			buildConfigurationList = 75676F05263A89B600569AF5 /* Build configuration list for PBXNativeTarget "MovieReviewMVPTests" */;
			buildPhases = (
				B467F5854A74BDB79E2E1B96 /* [CP] Check Pods Manifest.lock */,
				75676EEA263A89B600569AF5 /* Sources */,
				75676EEB263A89B600569AF5 /* Frameworks */,
				75676EEC263A89B600569AF5 /* Resources */,
			);
			buildRules = (
			);
			dependencies = (
				75676EF0263A89B600569AF5 /* PBXTargetDependency */,
			);
			name = MovieReviewMVPTests;
			productName = MovieReviewMVPTests;
			productReference = 75676EEE263A89B600569AF5 /* MovieReviewMVPTests.xctest */;
			productType = "com.apple.product-type.bundle.unit-test";
		};
		75676EF8263A89B600569AF5 /* MovieReviewMVPUITests */ = {
			isa = PBXNativeTarget;
			buildConfigurationList = 75676F08263A89B600569AF5 /* Build configuration list for PBXNativeTarget "MovieReviewMVPUITests" */;
			buildPhases = (
				66AC321B766AC4E151E1EF3E /* [CP] Check Pods Manifest.lock */,
				75676EF5263A89B600569AF5 /* Sources */,
				75676EF6263A89B600569AF5 /* Frameworks */,
				75676EF7263A89B600569AF5 /* Resources */,
				BBB2FBE64589B4EB1E897CCC /* [CP] Embed Pods Frameworks */,
				0B516B96BB9452E19BD9AF2B /* [CP] Copy Pods Resources */,
			);
			buildRules = (
			);
			dependencies = (
				75676EFB263A89B600569AF5 /* PBXTargetDependency */,
			);
			name = MovieReviewMVPUITests;
			productName = MovieReviewMVPUITests;
			productReference = 75676EF9263A89B600569AF5 /* MovieReviewMVPUITests.xctest */;
			productType = "com.apple.product-type.bundle.ui-testing";
		};
/* End PBXNativeTarget section */

/* Begin PBXProject section */
		75676ED0263A89B400569AF5 /* Project object */ = {
			isa = PBXProject;
			attributes = {
				LastSwiftUpdateCheck = 1240;
				LastUpgradeCheck = 1240;
				TargetAttributes = {
					75676ED7263A89B400569AF5 = {
						CreatedOnToolsVersion = 12.4;
					};
					75676EED263A89B600569AF5 = {
						CreatedOnToolsVersion = 12.4;
						TestTargetID = 75676ED7263A89B400569AF5;
					};
					75676EF8263A89B600569AF5 = {
						CreatedOnToolsVersion = 12.4;
						TestTargetID = 75676ED7263A89B400569AF5;
					};
				};
			};
			buildConfigurationList = 75676ED3263A89B400569AF5 /* Build configuration list for PBXProject "MovieReviewMVP" */;
			compatibilityVersion = "Xcode 9.3";
			developmentRegion = ja;
			hasScannedForEncodings = 0;
			knownRegions = (
				ja,
				Base,
			);
			mainGroup = 75676ECF263A89B400569AF5;
			productRefGroup = 75676ED9263A89B400569AF5 /* Products */;
			projectDirPath = "";
			projectRoot = "";
			targets = (
				75676ED7263A89B400569AF5 /* MovieReviewMVP */,
				75676EED263A89B600569AF5 /* MovieReviewMVPTests */,
				75676EF8263A89B600569AF5 /* MovieReviewMVPUITests */,
			);
		};
/* End PBXProject section */

/* Begin PBXResourcesBuildPhase section */
		75676ED6263A89B400569AF5 /* Resources */ = {
			isa = PBXResourcesBuildPhase;
			buildActionMask = 2147483647;
			files = (
				753B2A4426AA59A200EACFBD /* SettingManagementHeaderView.xib in Resources */,
				758B059A26AD4DA100DFA33A /* TMDbAttribution.storyboard in Resources */,
				7518C0D5269C14B300C27C1C /* GoogleService-Info.plist in Resources */,
				7570118326CDF5F300716E93 /* OperatingMethod.storyboard in Resources */,
				756D8FB4267308210026889B /* StockReviewMovieCollectionViewCell.xib in Resources */,
				75834ADF26A80BE5004AC09C /* SettingManagement.storyboard in Resources */,
				758B059526AD129300DFA33A /* DetailedSetting.storyboard in Resources */,
				75676EE8263A89B500569AF5 /* LaunchScreen.storyboard in Resources */,
				7569BAA92679EFEA0058D495 /* StockReviewMovieManagement.storyboard in Resources */,
				758B05A526AE459E00DFA33A /* DetailedSettingTableViewCell.xib in Resources */,
				75676EE5263A89B500569AF5 /* Assets.xcassets in Resources */,
				755D71E1264385F5007C0D77 /* ReviewMovie.xib in Resources */,
				75699F3D264BCE28001904C4 /* ReviewManagementCollectionViewCell.xib in Resources */,
				752478AB268EF14700347972 /* CrewCastCollectionViewCell.xib in Resources */,
				756DFC8F264CCBF500C6AF07 /* ReviewManagement.storyboard in Resources */,
				75636BE6263B994F00281DB1 /* SearchMovie.storyboard in Resources */,
				758B05AA26AE507B00DFA33A /* DetailedSettingHeaderView.xib in Resources */,
				753B2A4026AA29F800EACFBD /* SettingManagementTableViewCell.xib in Resources */,
				75676F22263A97E300569AF5 /* MovieTableViewCell.xib in Resources */,
				75699F10264BAAAA001904C4 /* ReviewMovie.storyboard in Resources */,
			);
			runOnlyForDeploymentPostprocessing = 0;
		};
		75676EEC263A89B600569AF5 /* Resources */ = {
			isa = PBXResourcesBuildPhase;
			buildActionMask = 2147483647;
			files = (
				7518C0D6269C14B300C27C1C /* GoogleService-Info.plist in Resources */,
			);
			runOnlyForDeploymentPostprocessing = 0;
		};
		75676EF7263A89B600569AF5 /* Resources */ = {
			isa = PBXResourcesBuildPhase;
			buildActionMask = 2147483647;
			files = (
				7518C0D7269C14B300C27C1C /* GoogleService-Info.plist in Resources */,
			);
			runOnlyForDeploymentPostprocessing = 0;
		};
/* End PBXResourcesBuildPhase section */

/* Begin PBXShellScriptBuildPhase section */
		0B516B96BB9452E19BD9AF2B /* [CP] Copy Pods Resources */ = {
			isa = PBXShellScriptBuildPhase;
			buildActionMask = 2147483647;
			files = (
			);
			inputFileListPaths = (
				"${PODS_ROOT}/Target Support Files/Pods-MovieReviewMVP-MovieReviewMVPUITests/Pods-MovieReviewMVP-MovieReviewMVPUITests-resources-${CONFIGURATION}-input-files.xcfilelist",
			);
			name = "[CP] Copy Pods Resources";
			outputFileListPaths = (
				"${PODS_ROOT}/Target Support Files/Pods-MovieReviewMVP-MovieReviewMVPUITests/Pods-MovieReviewMVP-MovieReviewMVPUITests-resources-${CONFIGURATION}-output-files.xcfilelist",
			);
			runOnlyForDeploymentPostprocessing = 0;
			shellPath = /bin/sh;
			shellScript = "\"${PODS_ROOT}/Target Support Files/Pods-MovieReviewMVP-MovieReviewMVPUITests/Pods-MovieReviewMVP-MovieReviewMVPUITests-resources.sh\"\n";
			showEnvVarsInLog = 0;
		};
		3AECFCEAE103AB1B5CC50C28 /* [CP] Check Pods Manifest.lock */ = {
			isa = PBXShellScriptBuildPhase;
			buildActionMask = 2147483647;
			files = (
			);
			inputFileListPaths = (
			);
			inputPaths = (
				"${PODS_PODFILE_DIR_PATH}/Podfile.lock",
				"${PODS_ROOT}/Manifest.lock",
			);
			name = "[CP] Check Pods Manifest.lock";
			outputFileListPaths = (
			);
			outputPaths = (
				"$(DERIVED_FILE_DIR)/Pods-MovieReviewMVP-checkManifestLockResult.txt",
			);
			runOnlyForDeploymentPostprocessing = 0;
			shellPath = /bin/sh;
			shellScript = "diff \"${PODS_PODFILE_DIR_PATH}/Podfile.lock\" \"${PODS_ROOT}/Manifest.lock\" > /dev/null\nif [ $? != 0 ] ; then\n    # print error to STDERR\n    echo \"error: The sandbox is not in sync with the Podfile.lock. Run 'pod install' or update your CocoaPods installation.\" >&2\n    exit 1\nfi\n# This output is used by Xcode 'outputs' to avoid re-running this script phase.\necho \"SUCCESS\" > \"${SCRIPT_OUTPUT_FILE_0}\"\n";
			showEnvVarsInLog = 0;
		};
		66AC321B766AC4E151E1EF3E /* [CP] Check Pods Manifest.lock */ = {
			isa = PBXShellScriptBuildPhase;
			buildActionMask = 2147483647;
			files = (
			);
			inputFileListPaths = (
			);
			inputPaths = (
				"${PODS_PODFILE_DIR_PATH}/Podfile.lock",
				"${PODS_ROOT}/Manifest.lock",
			);
			name = "[CP] Check Pods Manifest.lock";
			outputFileListPaths = (
			);
			outputPaths = (
				"$(DERIVED_FILE_DIR)/Pods-MovieReviewMVP-MovieReviewMVPUITests-checkManifestLockResult.txt",
			);
			runOnlyForDeploymentPostprocessing = 0;
			shellPath = /bin/sh;
			shellScript = "diff \"${PODS_PODFILE_DIR_PATH}/Podfile.lock\" \"${PODS_ROOT}/Manifest.lock\" > /dev/null\nif [ $? != 0 ] ; then\n    # print error to STDERR\n    echo \"error: The sandbox is not in sync with the Podfile.lock. Run 'pod install' or update your CocoaPods installation.\" >&2\n    exit 1\nfi\n# This output is used by Xcode 'outputs' to avoid re-running this script phase.\necho \"SUCCESS\" > \"${SCRIPT_OUTPUT_FILE_0}\"\n";
			showEnvVarsInLog = 0;
		};
		81F1DE2988EEA7557FCBFED0 /* [CP] Embed Pods Frameworks */ = {
			isa = PBXShellScriptBuildPhase;
			buildActionMask = 2147483647;
			files = (
			);
			inputFileListPaths = (
				"${PODS_ROOT}/Target Support Files/Pods-MovieReviewMVP/Pods-MovieReviewMVP-frameworks-${CONFIGURATION}-input-files.xcfilelist",
			);
			name = "[CP] Embed Pods Frameworks";
			outputFileListPaths = (
				"${PODS_ROOT}/Target Support Files/Pods-MovieReviewMVP/Pods-MovieReviewMVP-frameworks-${CONFIGURATION}-output-files.xcfilelist",
			);
			runOnlyForDeploymentPostprocessing = 0;
			shellPath = /bin/sh;
			shellScript = "\"${PODS_ROOT}/Target Support Files/Pods-MovieReviewMVP/Pods-MovieReviewMVP-frameworks.sh\"\n";
			showEnvVarsInLog = 0;
		};
		B467F5854A74BDB79E2E1B96 /* [CP] Check Pods Manifest.lock */ = {
			isa = PBXShellScriptBuildPhase;
			buildActionMask = 2147483647;
			files = (
			);
			inputFileListPaths = (
			);
			inputPaths = (
				"${PODS_PODFILE_DIR_PATH}/Podfile.lock",
				"${PODS_ROOT}/Manifest.lock",
			);
			name = "[CP] Check Pods Manifest.lock";
			outputFileListPaths = (
			);
			outputPaths = (
				"$(DERIVED_FILE_DIR)/Pods-MovieReviewMVPTests-checkManifestLockResult.txt",
			);
			runOnlyForDeploymentPostprocessing = 0;
			shellPath = /bin/sh;
			shellScript = "diff \"${PODS_PODFILE_DIR_PATH}/Podfile.lock\" \"${PODS_ROOT}/Manifest.lock\" > /dev/null\nif [ $? != 0 ] ; then\n    # print error to STDERR\n    echo \"error: The sandbox is not in sync with the Podfile.lock. Run 'pod install' or update your CocoaPods installation.\" >&2\n    exit 1\nfi\n# This output is used by Xcode 'outputs' to avoid re-running this script phase.\necho \"SUCCESS\" > \"${SCRIPT_OUTPUT_FILE_0}\"\n";
			showEnvVarsInLog = 0;
		};
		BBB2FBE64589B4EB1E897CCC /* [CP] Embed Pods Frameworks */ = {
			isa = PBXShellScriptBuildPhase;
			buildActionMask = 2147483647;
			files = (
			);
			inputFileListPaths = (
				"${PODS_ROOT}/Target Support Files/Pods-MovieReviewMVP-MovieReviewMVPUITests/Pods-MovieReviewMVP-MovieReviewMVPUITests-frameworks-${CONFIGURATION}-input-files.xcfilelist",
			);
			name = "[CP] Embed Pods Frameworks";
			outputFileListPaths = (
				"${PODS_ROOT}/Target Support Files/Pods-MovieReviewMVP-MovieReviewMVPUITests/Pods-MovieReviewMVP-MovieReviewMVPUITests-frameworks-${CONFIGURATION}-output-files.xcfilelist",
			);
			runOnlyForDeploymentPostprocessing = 0;
			shellPath = /bin/sh;
			shellScript = "\"${PODS_ROOT}/Target Support Files/Pods-MovieReviewMVP-MovieReviewMVPUITests/Pods-MovieReviewMVP-MovieReviewMVPUITests-frameworks.sh\"\n";
			showEnvVarsInLog = 0;
		};
		EE7F430627410D993C8B7806 /* [CP] Copy Pods Resources */ = {
			isa = PBXShellScriptBuildPhase;
			buildActionMask = 2147483647;
			files = (
			);
			inputFileListPaths = (
				"${PODS_ROOT}/Target Support Files/Pods-MovieReviewMVP/Pods-MovieReviewMVP-resources-${CONFIGURATION}-input-files.xcfilelist",
			);
			name = "[CP] Copy Pods Resources";
			outputFileListPaths = (
				"${PODS_ROOT}/Target Support Files/Pods-MovieReviewMVP/Pods-MovieReviewMVP-resources-${CONFIGURATION}-output-files.xcfilelist",
			);
			runOnlyForDeploymentPostprocessing = 0;
			shellPath = /bin/sh;
			shellScript = "\"${PODS_ROOT}/Target Support Files/Pods-MovieReviewMVP/Pods-MovieReviewMVP-resources.sh\"\n";
			showEnvVarsInLog = 0;
		};
/* End PBXShellScriptBuildPhase section */

/* Begin PBXSourcesBuildPhase section */
		75676ED4263A89B400569AF5 /* Sources */ = {
			isa = PBXSourcesBuildPhase;
			buildActionMask = 2147483647;
			files = (
				752478AA268EF14700347972 /* CrewCastCollectionViewCell.swift in Sources */,
				75676F2B263AA0B900569AF5 /* Movie.swift in Sources */,
				753B2A4226AA598C00EACFBD /* SettingManagementHeaderView.swift in Sources */,
				7518C0D9269C1F3C00C27C1C /* FirebaseDataStore.swift in Sources */,
				7569BACA267B40EA0058D495 /* UIColor+Ext.swift in Sources */,
				75676EE0263A89B400569AF5 /* SearchMovieViewController.swift in Sources */,
				750B440B2685CF0A00191E17 /* Date.swift in Sources */,
				758B059726AD12C100DFA33A /* DetailedSettingViewController.swift in Sources */,
				756AD27F26832B1200BF5D6A /* UIAlertController+Ext.swift in Sources */,
				756DFCBB264D5B6900C6AF07 /* State.swift in Sources */,
				75699F48264BD307001904C4 /* ReviewManagementCollectionViewController.swift in Sources */,
				7518C0DB269C2AE000C27C1C /* ReviewUseCase.swift in Sources */,
				75834AE326A80D93004AC09C /* SettingManagementPresenter.swift in Sources */,
				75676EDC263A89B400569AF5 /* AppDelegate.swift in Sources */,
				7518C16A26A17DED00C27C1C /* SelectedReview.swift in Sources */,
				75676F21263A97E300569AF5 /* MovieTableViewCell.swift in Sources */,
				75636C01263C370800281DB1 /* ReviewMoviePresenter.swift in Sources */,
				75834AE126A80D74004AC09C /* SettingManagementViewController.swift in Sources */,
				75636BFC263C361A00281DB1 /* ReviewMovieModel.swift in Sources */,
				7570118526CDF60F00716E93 /* OperatingMethodViewController.swift in Sources */,
				758B059C26AD4DBD00DFA33A /* TMDbAttributionViewController.swift in Sources */,
				756620E82647B15C00D211EC /* ReviewManagementModel.swift in Sources */,
				75699F3C264BCE28001904C4 /* ReviewManagementCollectionViewCell.swift in Sources */,
				750B44B52689C32D00191E17 /* Notification.Name+Ext.swift in Sources */,
				758B059E26AE3B7C00DFA33A /* DetailedSettingPresenter.swift in Sources */,
				758B05AC26AF72FE00DFA33A /* UserLoginState.swift in Sources */,
				7569BAB62679F0530058D495 /* StockReviewMovieManagementPresenter.swift in Sources */,
				753B2A3F26AA29F800EACFBD /* SettingManagementTableViewCell.swift in Sources */,
				758119EC26C4860D00C4BAA3 /* UserDefaults+Ext.swift in Sources */,
				756D8FB3267308210026889B /* StockReviewMovieCollectionViewCell.swift in Sources */,
				750B44002685A1A400191E17 /* UIMenu+Ext.swift in Sources */,
				756620E32647B14F00D211EC /* ReviewManagementPresenter.swift in Sources */,
				756AD28D268469A500BF5D6A /* String+Ext.swift in Sources */,
				75359213264E61B9004477B3 /* ReviewMovieOwner.swift in Sources */,
				758B05AE26AFA12D00DFA33A /* UIView+Ext.swift in Sources */,
				75676F33263AA2FA00569AF5 /* TMDB.swift in Sources */,
				75676F15263A954000569AF5 /* SearchMovieModel.swift in Sources */,
				75AADE932655C452008D360E /* ReviewManagementCellLayout.swift in Sources */,
				758B05A426AE459E00DFA33A /* DetailedSettingTableViewCell.swift in Sources */,
				750B44612687096F00191E17 /* ReviewTextView.swift in Sources */,
				75676EDE263A89B400569AF5 /* SceneDelegate.swift in Sources */,
				7518C16826A01E3100C27C1C /* ReviewManagement.swift in Sources */,
				75834AE526A80DA8004AC09C /* SettingManagementModel.swift in Sources */,
				75676F10263A953100569AF5 /* SearchMoviePresenter.swift in Sources */,
				7569BABB2679F0610058D495 /* StockReviewMovieManagementModel.swift in Sources */,
				7569BAAE2679F0320058D495 /* StockReviewMovieManagementViewController.swift in Sources */,
				755D71E626438F2E007C0D77 /* ReviewMovieViewController.swift in Sources */,
				7518C0DD269C2B9300C27C1C /* ReviewRepository.swift in Sources */,
				758B05A026AE3B8A00DFA33A /* DetailedSettingModel.swift in Sources */,
				758B05A826AE506B00DFA33A /* DetailedSettingHeaderView.swift in Sources */,
			);
			runOnlyForDeploymentPostprocessing = 0;
		};
		75676EEA263A89B600569AF5 /* Sources */ = {
			isa = PBXSourcesBuildPhase;
			buildActionMask = 2147483647;
			files = (
				75676EF3263A89B600569AF5 /* MovieReviewMVPTests.swift in Sources */,
			);
			runOnlyForDeploymentPostprocessing = 0;
		};
		75676EF5263A89B600569AF5 /* Sources */ = {
			isa = PBXSourcesBuildPhase;
			buildActionMask = 2147483647;
			files = (
				75676EFE263A89B600569AF5 /* MovieReviewMVPUITests.swift in Sources */,
			);
			runOnlyForDeploymentPostprocessing = 0;
		};
/* End PBXSourcesBuildPhase section */

/* Begin PBXTargetDependency section */
		75676EF0263A89B600569AF5 /* PBXTargetDependency */ = {
			isa = PBXTargetDependency;
			target = 75676ED7263A89B400569AF5 /* MovieReviewMVP */;
			targetProxy = 75676EEF263A89B600569AF5 /* PBXContainerItemProxy */;
		};
		75676EFB263A89B600569AF5 /* PBXTargetDependency */ = {
			isa = PBXTargetDependency;
			target = 75676ED7263A89B400569AF5 /* MovieReviewMVP */;
			targetProxy = 75676EFA263A89B600569AF5 /* PBXContainerItemProxy */;
		};
/* End PBXTargetDependency section */

/* Begin PBXVariantGroup section */
		75676EE6263A89B500569AF5 /* LaunchScreen.storyboard */ = {
			isa = PBXVariantGroup;
			children = (
				75676EE7263A89B500569AF5 /* Base */,
			);
			name = LaunchScreen.storyboard;
			sourceTree = "<group>";
		};
/* End PBXVariantGroup section */

/* Begin XCBuildConfiguration section */
		75676F00263A89B600569AF5 /* Debug */ = {
			isa = XCBuildConfiguration;
			buildSettings = {
				ALWAYS_SEARCH_USER_PATHS = NO;
				CLANG_ANALYZER_NONNULL = YES;
				CLANG_ANALYZER_NUMBER_OBJECT_CONVERSION = YES_AGGRESSIVE;
				CLANG_CXX_LANGUAGE_STANDARD = "gnu++14";
				CLANG_CXX_LIBRARY = "libc++";
				CLANG_ENABLE_MODULES = YES;
				CLANG_ENABLE_OBJC_ARC = YES;
				CLANG_ENABLE_OBJC_WEAK = YES;
				CLANG_WARN_BLOCK_CAPTURE_AUTORELEASING = YES;
				CLANG_WARN_BOOL_CONVERSION = YES;
				CLANG_WARN_COMMA = YES;
				CLANG_WARN_CONSTANT_CONVERSION = YES;
				CLANG_WARN_DEPRECATED_OBJC_IMPLEMENTATIONS = YES;
				CLANG_WARN_DIRECT_OBJC_ISA_USAGE = YES_ERROR;
				CLANG_WARN_DOCUMENTATION_COMMENTS = YES;
				CLANG_WARN_EMPTY_BODY = YES;
				CLANG_WARN_ENUM_CONVERSION = YES;
				CLANG_WARN_INFINITE_RECURSION = YES;
				CLANG_WARN_INT_CONVERSION = YES;
				CLANG_WARN_NON_LITERAL_NULL_CONVERSION = YES;
				CLANG_WARN_OBJC_IMPLICIT_RETAIN_SELF = YES;
				CLANG_WARN_OBJC_LITERAL_CONVERSION = YES;
				CLANG_WARN_OBJC_ROOT_CLASS = YES_ERROR;
				CLANG_WARN_QUOTED_INCLUDE_IN_FRAMEWORK_HEADER = YES;
				CLANG_WARN_RANGE_LOOP_ANALYSIS = YES;
				CLANG_WARN_STRICT_PROTOTYPES = YES;
				CLANG_WARN_SUSPICIOUS_MOVE = YES;
				CLANG_WARN_UNGUARDED_AVAILABILITY = YES_AGGRESSIVE;
				CLANG_WARN_UNREACHABLE_CODE = YES;
				CLANG_WARN__DUPLICATE_METHOD_MATCH = YES;
				COPY_PHASE_STRIP = NO;
				DEBUG_INFORMATION_FORMAT = dwarf;
				DISPLAY_APPNAME = DEBUG;
				ENABLE_STRICT_OBJC_MSGSEND = YES;
				ENABLE_TESTABILITY = YES;
				GCC_C_LANGUAGE_STANDARD = gnu11;
				GCC_DYNAMIC_NO_PIC = NO;
				GCC_NO_COMMON_BLOCKS = YES;
				GCC_OPTIMIZATION_LEVEL = 0;
				GCC_PREPROCESSOR_DEFINITIONS = (
					"DEBUG=1",
					"$(inherited)",
				);
				GCC_WARN_64_TO_32_BIT_CONVERSION = YES;
				GCC_WARN_ABOUT_RETURN_TYPE = YES_ERROR;
				GCC_WARN_UNDECLARED_SELECTOR = YES;
				GCC_WARN_UNINITIALIZED_AUTOS = YES_AGGRESSIVE;
				GCC_WARN_UNUSED_FUNCTION = YES;
				GCC_WARN_UNUSED_VARIABLE = YES;
				IPHONEOS_DEPLOYMENT_TARGET = 11.0;
				MTL_ENABLE_DEBUG_INFO = INCLUDE_SOURCE;
				MTL_FAST_MATH = YES;
				ONLY_ACTIVE_ARCH = YES;
				SDKROOT = iphoneos;
				SWIFT_ACTIVE_COMPILATION_CONDITIONS = DEBUG;
				SWIFT_OPTIMIZATION_LEVEL = "-Onone";
			};
			name = Debug;
		};
		75676F01263A89B600569AF5 /* Release */ = {
			isa = XCBuildConfiguration;
			buildSettings = {
				ALWAYS_SEARCH_USER_PATHS = NO;
				CLANG_ANALYZER_NONNULL = YES;
				CLANG_ANALYZER_NUMBER_OBJECT_CONVERSION = YES_AGGRESSIVE;
				CLANG_CXX_LANGUAGE_STANDARD = "gnu++14";
				CLANG_CXX_LIBRARY = "libc++";
				CLANG_ENABLE_MODULES = YES;
				CLANG_ENABLE_OBJC_ARC = YES;
				CLANG_ENABLE_OBJC_WEAK = YES;
				CLANG_WARN_BLOCK_CAPTURE_AUTORELEASING = YES;
				CLANG_WARN_BOOL_CONVERSION = YES;
				CLANG_WARN_COMMA = YES;
				CLANG_WARN_CONSTANT_CONVERSION = YES;
				CLANG_WARN_DEPRECATED_OBJC_IMPLEMENTATIONS = YES;
				CLANG_WARN_DIRECT_OBJC_ISA_USAGE = YES_ERROR;
				CLANG_WARN_DOCUMENTATION_COMMENTS = YES;
				CLANG_WARN_EMPTY_BODY = YES;
				CLANG_WARN_ENUM_CONVERSION = YES;
				CLANG_WARN_INFINITE_RECURSION = YES;
				CLANG_WARN_INT_CONVERSION = YES;
				CLANG_WARN_NON_LITERAL_NULL_CONVERSION = YES;
				CLANG_WARN_OBJC_IMPLICIT_RETAIN_SELF = YES;
				CLANG_WARN_OBJC_LITERAL_CONVERSION = YES;
				CLANG_WARN_OBJC_ROOT_CLASS = YES_ERROR;
				CLANG_WARN_QUOTED_INCLUDE_IN_FRAMEWORK_HEADER = YES;
				CLANG_WARN_RANGE_LOOP_ANALYSIS = YES;
				CLANG_WARN_STRICT_PROTOTYPES = YES;
				CLANG_WARN_SUSPICIOUS_MOVE = YES;
				CLANG_WARN_UNGUARDED_AVAILABILITY = YES_AGGRESSIVE;
				CLANG_WARN_UNREACHABLE_CODE = YES;
				CLANG_WARN__DUPLICATE_METHOD_MATCH = YES;
				COPY_PHASE_STRIP = NO;
				DEBUG_INFORMATION_FORMAT = "dwarf-with-dsym";
				DISPLAY_APPNAME = RELEASE;
				ENABLE_NS_ASSERTIONS = NO;
				ENABLE_STRICT_OBJC_MSGSEND = YES;
				GCC_C_LANGUAGE_STANDARD = gnu11;
				GCC_NO_COMMON_BLOCKS = YES;
				GCC_WARN_64_TO_32_BIT_CONVERSION = YES;
				GCC_WARN_ABOUT_RETURN_TYPE = YES_ERROR;
				GCC_WARN_UNDECLARED_SELECTOR = YES;
				GCC_WARN_UNINITIALIZED_AUTOS = YES_AGGRESSIVE;
				GCC_WARN_UNUSED_FUNCTION = YES;
				GCC_WARN_UNUSED_VARIABLE = YES;
				IPHONEOS_DEPLOYMENT_TARGET = 11.0;
				MTL_ENABLE_DEBUG_INFO = NO;
				MTL_FAST_MATH = YES;
				SDKROOT = iphoneos;
				SWIFT_ACTIVE_COMPILATION_CONDITIONS = RELEASE;
				SWIFT_COMPILATION_MODE = wholemodule;
				SWIFT_OPTIMIZATION_LEVEL = "-O";
				VALIDATE_PRODUCT = YES;
			};
			name = Release;
		};
		75676F03263A89B600569AF5 /* Debug */ = {
			isa = XCBuildConfiguration;
			baseConfigurationReference = 6C71027DFFBE6AC5CB0532B4 /* Pods-MovieReviewMVP.debug.xcconfig */;
			buildSettings = {
				ASSETCATALOG_COMPILER_APPICON_NAME = AppIcon;
				ASSETCATALOG_COMPILER_GLOBAL_ACCENT_COLOR_NAME = AccentColor;
				BANNER_ID = "ca-app-pub-3940256099942544/2934735716";
				CODE_SIGN_ENTITLEMENTS = MovieReviewMVP/MovieReviewMVP.entitlements;
				CODE_SIGN_STYLE = Automatic;
				CURRENT_PROJECT_VERSION = 1.0.4;
				DEBUG_INFORMATION_FORMAT = dwarf;
				DEVELOPMENT_TEAM = N53995CJPD;
				GADApplicationIdentifier = "ca-app-pub-3940256099942544~1458002511";
				INFOPLIST_FILE = MovieReviewMVP/Info.plist;
				IPHONEOS_DEPLOYMENT_TARGET = 11.0;
				LD_RUNPATH_SEARCH_PATHS = (
					"$(inherited)",
					"@executable_path/Frameworks",
				);
				MARKETING_VERSION = 1.0.3;
				PRODUCT_BUNDLE_IDENTIFIER = com.tatsuo.MovieReviewMVP;
				PRODUCT_NAME = "$(TARGET_NAME)";
				SWIFT_VERSION = 5.0;
				TARGETED_DEVICE_FAMILY = "1,2";
			};
			name = Debug;
		};
		75676F04263A89B600569AF5 /* Release */ = {
			isa = XCBuildConfiguration;
			baseConfigurationReference = 43ED69D34B085CB296F4F242 /* Pods-MovieReviewMVP.release.xcconfig */;
			buildSettings = {
				ASSETCATALOG_COMPILER_APPICON_NAME = AppIcon;
				ASSETCATALOG_COMPILER_GLOBAL_ACCENT_COLOR_NAME = AccentColor;
				BANNER_ID = "ca-app-pub-3889534374234643/2516620302";
				CODE_SIGN_ENTITLEMENTS = MovieReviewMVP/MovieReviewMVP.entitlements;
				CODE_SIGN_STYLE = Automatic;
				CURRENT_PROJECT_VERSION = 1.0.4;
				DEVELOPMENT_TEAM = N53995CJPD;
				GADApplicationIdentifier = "ca-app-pub-3889534374234643~9612743206";
				INFOPLIST_FILE = MovieReviewMVP/Info.plist;
				IPHONEOS_DEPLOYMENT_TARGET = 11.0;
				LD_RUNPATH_SEARCH_PATHS = (
					"$(inherited)",
					"@executable_path/Frameworks",
				);
				MARKETING_VERSION = 1.0.3;
				ONLY_ACTIVE_ARCH = YES;
				PRODUCT_BUNDLE_IDENTIFIER = com.tatsuo.MovieReviewMVP;
				PRODUCT_NAME = "$(TARGET_NAME)";
				SWIFT_VERSION = 5.0;
				TARGETED_DEVICE_FAMILY = "1,2";
			};
			name = Release;
		};
		75676F06263A89B600569AF5 /* Debug */ = {
			isa = XCBuildConfiguration;
			baseConfigurationReference = 1DF398B19E4D0E090A645591 /* Pods-MovieReviewMVPTests.debug.xcconfig */;
			buildSettings = {
				ALWAYS_EMBED_SWIFT_STANDARD_LIBRARIES = YES;
				BUNDLE_LOADER = "$(TEST_HOST)";
				CODE_SIGN_STYLE = Automatic;
				DEVELOPMENT_TEAM = N53995CJPD;
				INFOPLIST_FILE = MovieReviewMVPTests/Info.plist;
				IPHONEOS_DEPLOYMENT_TARGET = 14.4;
				LD_RUNPATH_SEARCH_PATHS = (
					"$(inherited)",
					"@executable_path/Frameworks",
					"@loader_path/Frameworks",
				);
				PRODUCT_BUNDLE_IDENTIFIER = com.tatsuo.MovieReviewMVPTests;
				PRODUCT_NAME = "$(TARGET_NAME)";
				SWIFT_VERSION = 5.0;
				TARGETED_DEVICE_FAMILY = "1,2";
				TEST_HOST = "$(BUILT_PRODUCTS_DIR)/MovieReviewMVP.app/MovieReviewMVP";
			};
			name = Debug;
		};
		75676F07263A89B600569AF5 /* Release */ = {
			isa = XCBuildConfiguration;
			baseConfigurationReference = 3C9B031AC8CC9B9B6BEE455F /* Pods-MovieReviewMVPTests.release.xcconfig */;
			buildSettings = {
				ALWAYS_EMBED_SWIFT_STANDARD_LIBRARIES = YES;
				BUNDLE_LOADER = "$(TEST_HOST)";
				CODE_SIGN_STYLE = Automatic;
				DEVELOPMENT_TEAM = N53995CJPD;
				INFOPLIST_FILE = MovieReviewMVPTests/Info.plist;
				IPHONEOS_DEPLOYMENT_TARGET = 14.4;
				LD_RUNPATH_SEARCH_PATHS = (
					"$(inherited)",
					"@executable_path/Frameworks",
					"@loader_path/Frameworks",
				);
				PRODUCT_BUNDLE_IDENTIFIER = com.tatsuo.MovieReviewMVPTests;
				PRODUCT_NAME = "$(TARGET_NAME)";
				SWIFT_VERSION = 5.0;
				TARGETED_DEVICE_FAMILY = "1,2";
				TEST_HOST = "$(BUILT_PRODUCTS_DIR)/MovieReviewMVP.app/MovieReviewMVP";
			};
			name = Release;
		};
		75676F09263A89B600569AF5 /* Debug */ = {
			isa = XCBuildConfiguration;
			baseConfigurationReference = FEA14AB2C4AC653B81713FE7 /* Pods-MovieReviewMVP-MovieReviewMVPUITests.debug.xcconfig */;
			buildSettings = {
				ALWAYS_EMBED_SWIFT_STANDARD_LIBRARIES = YES;
				CODE_SIGN_STYLE = Automatic;
				DEVELOPMENT_TEAM = N53995CJPD;
				INFOPLIST_FILE = MovieReviewMVPUITests/Info.plist;
				LD_RUNPATH_SEARCH_PATHS = (
					"$(inherited)",
					"@executable_path/Frameworks",
					"@loader_path/Frameworks",
				);
				PRODUCT_BUNDLE_IDENTIFIER = com.tatsuo.MovieReviewMVPUITests;
				PRODUCT_NAME = "$(TARGET_NAME)";
				SWIFT_VERSION = 5.0;
				TARGETED_DEVICE_FAMILY = "1,2";
				TEST_TARGET_NAME = MovieReviewMVP;
			};
			name = Debug;
		};
		75676F0A263A89B600569AF5 /* Release */ = {
			isa = XCBuildConfiguration;
			baseConfigurationReference = 84C36157DE6D00C027771D5C /* Pods-MovieReviewMVP-MovieReviewMVPUITests.release.xcconfig */;
			buildSettings = {
				ALWAYS_EMBED_SWIFT_STANDARD_LIBRARIES = YES;
				CODE_SIGN_STYLE = Automatic;
				DEVELOPMENT_TEAM = N53995CJPD;
				INFOPLIST_FILE = MovieReviewMVPUITests/Info.plist;
				LD_RUNPATH_SEARCH_PATHS = (
					"$(inherited)",
					"@executable_path/Frameworks",
					"@loader_path/Frameworks",
				);
				PRODUCT_BUNDLE_IDENTIFIER = com.tatsuo.MovieReviewMVPUITests;
				PRODUCT_NAME = "$(TARGET_NAME)";
				SWIFT_VERSION = 5.0;
				TARGETED_DEVICE_FAMILY = "1,2";
				TEST_TARGET_NAME = MovieReviewMVP;
			};
			name = Release;
		};
/* End XCBuildConfiguration section */

/* Begin XCConfigurationList section */
		75676ED3263A89B400569AF5 /* Build configuration list for PBXProject "MovieReviewMVP" */ = {
			isa = XCConfigurationList;
			buildConfigurations = (
				75676F00263A89B600569AF5 /* Debug */,
				75676F01263A89B600569AF5 /* Release */,
			);
			defaultConfigurationIsVisible = 0;
			defaultConfigurationName = Release;
		};
		75676F02263A89B600569AF5 /* Build configuration list for PBXNativeTarget "MovieReviewMVP" */ = {
			isa = XCConfigurationList;
			buildConfigurations = (
				75676F03263A89B600569AF5 /* Debug */,
				75676F04263A89B600569AF5 /* Release */,
			);
			defaultConfigurationIsVisible = 0;
			defaultConfigurationName = Release;
		};
		75676F05263A89B600569AF5 /* Build configuration list for PBXNativeTarget "MovieReviewMVPTests" */ = {
			isa = XCConfigurationList;
			buildConfigurations = (
				75676F06263A89B600569AF5 /* Debug */,
				75676F07263A89B600569AF5 /* Release */,
			);
			defaultConfigurationIsVisible = 0;
			defaultConfigurationName = Release;
		};
		75676F08263A89B600569AF5 /* Build configuration list for PBXNativeTarget "MovieReviewMVPUITests" */ = {
			isa = XCConfigurationList;
			buildConfigurations = (
				75676F09263A89B600569AF5 /* Debug */,
				75676F0A263A89B600569AF5 /* Release */,
			);
			defaultConfigurationIsVisible = 0;
			defaultConfigurationName = Release;
		};
/* End XCConfigurationList section */
	};
	rootObject = 75676ED0263A89B400569AF5 /* Project object */;
}
